<?xml version="1.0" encoding="utf-8"?>
<Project ToolsVersion="4.0" xmlns="http://schemas.microsoft.com/developer/msbuild/2003">
  <ItemGroup>
    <Filter Include="Quelldateien">
      <UniqueIdentifier>{4FC737F1-C7A5-4376-A066-2A32D752A2FF}</UniqueIdentifier>
      <Extensions>cpp;c;cc;cxx;def;odl;idl;hpj;bat;asm;asmx</Extensions>
    </Filter>
    <Filter Include="Headerdateien">
      <UniqueIdentifier>{93995380-89BD-4b04-88EB-625FBE52EBFB}</UniqueIdentifier>
      <Extensions>h;hpp;hxx;hm;inl;inc;xsd</Extensions>
    </Filter>
    <Filter Include="Ressourcendateien">
      <UniqueIdentifier>{67DA6AB6-F800-4c08-8B7A-83BB121AAD01}</UniqueIdentifier>
      <Extensions>rc;ico;cur;bmp;dlg;rc2;rct;bin;rgs;gif;jpg;jpeg;jpe;resx;tiff;tif;png;wav;mfcribbon-ms</Extensions>
    </Filter>
    <Filter Include="Headerdateien\ogg">
      <UniqueIdentifier>{8a83353d-5eae-4c2e-a356-518e6551db0d}</UniqueIdentifier>
    </Filter>
    <Filter Include="Headerdateien\speex">
      <UniqueIdentifier>{92d02c4e-ebb0-40a3-96b6-a1599fc2356c}</UniqueIdentifier>
    </Filter>
  </ItemGroup>
  <ItemGroup>
    <ClInclude Include="..\..\components\decoder\speex\dllinterface.h">
      <Filter>Headerdateien</Filter>
    </ClInclude>
    <ClInclude Include="..\..\components\decoder\speex\speex.h">
      <Filter>Headerdateien</Filter>
    </ClInclude>
    <ClInclude Include="..\..\components\decoder\speex\speex\speex.h">
      <Filter>Headerdateien\speex</Filter>
    </ClInclude>
    <ClInclude Include="..\..\components\decoder\speex\speex\speex_bits.h">
      <Filter>Headerdateien\speex</Filter>
    </ClInclude>
    <ClInclude Include="..\..\components\decoder\speex\speex\speex_callbacks.h">
      <Filter>Headerdateien\speex</Filter>
    </ClInclude>
    <ClInclude Include="..\..\components\decoder\speex\speex\speex_echo.h">
      <Filter>Headerdateien\speex</Filter>
    </ClInclude>
    <ClInclude Include="..\..\components\decoder\speex\speex\speex_header.h">
      <Filter>Headerdateien\speex</Filter>
    </ClInclude>
    <ClInclude Include="..\..\components\decoder\speex\speex\speex_jitter.h">
      <Filter>Headerdateien\speex</Filter>
    </ClInclude>
    <ClInclude Include="..\..\components\decoder\speex\speex\speex_preprocess.h">
      <Filter>Headerdateien\speex</Filter>
    </ClInclude>
    <ClInclude Include="..\..\components\decoder\speex\speex\speex_stereo.h">
      <Filter>Headerdateien\speex</Filter>
    </ClInclude>
    <ClInclude Include="..\..\components\decoder\speex\speex\speex_types.h">
      <Filter>Headerdateien\speex</Filter>
    </ClInclude>
    <ClInclude Include="..\..\components\decoder\speex\ogg\ogg.h">
      <Filter>Headerdateien\ogg</Filter>
    </ClInclude>
    <ClInclude Include="..\..\components\decoder\speex\ogg\os_types.h">
      <Filter>Headerdateien\ogg</Filter>
    </ClInclude>
  </ItemGroup>
  <ItemGroup>
    <ClCompile Include="..\..\components\decoder\speex\dllinterface.cpp">
      <Filter>Quelldateien</Filter>
    </ClCompile>
    <ClCompile Include="..\..\components\decoder\speex\speex.cpp">
      <Filter>Quelldateien</Filter>
    </ClCompile>
  </ItemGroup>
</Project>