
Microsoft Visual Studio Solution File, Format Version 12.00
# Visual Studio 14
VisualStudioVersion = 14.0.23107.0
MinimumVisualStudioVersion = 10.0.40219.1
Project("{8BC9CEB8-8B4A-11D0-8D11-00A0C91BC942}") = "BoCA", "BoCA\BoCA.vcxproj", "{94F50AB3-6ADB-4F2E-97C5-3FBBC7E30FA3}"
EndProject
Project("{8BC9CEB8-8B4A-11D0-8D11-00A0C91BC942}") = "BoCA Encoder LAME", "BoCA Encoder LAME\BoCA Encoder LAME.vcxproj", "{AB90B22B-C3A4-4DB3-B4F1-772A442E3EED}"
EndProject
Project("{8BC9CEB8-8B4A-11D0-8D11-00A0C91BC942}") = "BoCA Decoder Bonk", "BoCA Decoder Bonk\BoCA Decoder Bonk.vcxproj", "{4C453902-218A-49B7-9105-23BDB4F4B219}"
EndProject
Project("{8BC9CEB8-8B4A-11D0-8D11-00A0C91BC942}") = "BoCA Encoder Wave", "BoCA Encoder Wave\BoCA Encoder Wave.vcxproj", "{36A781A6-8F0E-4371-A2E5-F1F1534A0E38}"
EndProject
Project("{8BC9CEB8-8B4A-11D0-8D11-00A0C91BC942}") = "BoCA Decoder LAME", "BoCA Decoder LAME\BoCA Decoder LAME.vcxproj", "{D1938112-BD2F-4AA9-9497-8BEFF05F8E86}"
EndProject
Project("{8BC9CEB8-8B4A-11D0-8D11-00A0C91BC942}") = "BoCA Decoder Vorbis", "BoCA Decoder Vorbis\BoCA Decoder Vorbis.vcxproj", "{645BA2D6-E6F0-4025-A626-C3D1642B28ED}"
EndProject
Project("{8BC9CEB8-8B4A-11D0-8D11-00A0C91BC942}") = "BoCA Decoder FLAC", "BoCA Decoder FLAC\BoCA Decoder FLAC.vcxproj", "{43F09A1F-62E1-49F2-9BE8-C14B7956467A}"
EndProject
Project("{8BC9CEB8-8B4A-11D0-8D11-00A0C91BC942}") = "BoCA Decoder FAAD2", "BoCA Decoder FAAD2\BoCA Decoder FAAD2.vcxproj", "{4B7A251C-FD60-44BF-B546-35C936C382B2}"
EndProject
Project("{8BC9CEB8-8B4A-11D0-8D11-00A0C91BC942}") = "BoCA Decoder Winamp", "BoCA Decoder Winamp\BoCA Decoder Winamp.vcxproj", "{EF897FC4-F3B2-4D12-AE3B-73215F1F8520}"
EndProject
Project("{8BC9CEB8-8B4A-11D0-8D11-00A0C91BC942}") = "BoCA Decoder Wave", "BoCA Decoder Wave\BoCA Decoder Wave.vcxproj", "{F6F8BC3E-E297-436A-81CC-2BC8B7BCE0C6}"
EndProject
Project("{8BC9CEB8-8B4A-11D0-8D11-00A0C91BC942}") = "BoCA Output Winamp", "BoCA Output Winamp\BoCA Output Winamp.vcxproj", "{7BE23BF3-90CF-47D6-A81F-B30AEC362834}"
EndProject
Project("{8BC9CEB8-8B4A-11D0-8D11-00A0C91BC942}") = "BoCA Encoder Bonk", "BoCA Encoder Bonk\BoCA Encoder Bonk.vcxproj", "{0D308EE8-E2D3-4F72-AC80-FAFF97BC6669}"
EndProject
Project("{8BC9CEB8-8B4A-11D0-8D11-00A0C91BC942}") = "BoCA Decoder MAC", "BoCA Decoder MAC\BoCA Decoder MAC.vcxproj", "{CFC226C2-E9DF-46AB-8CE6-5EA9058FB98E}"
EndProject
Project("{8BC9CEB8-8B4A-11D0-8D11-00A0C91BC942}") = "BoCA Encoder Vorbis", "BoCA Encoder Vorbis\BoCA Encoder Vorbis.vcxproj", "{0AAFCA8A-8938-4BA9-87E9-1661CD467060}"
EndProject
Project("{8BC9CEB8-8B4A-11D0-8D11-00A0C91BC942}") = "BoCA Encoder FLAC", "BoCA Encoder FLAC\BoCA Encoder FLAC.vcxproj", "{E43C6BD2-856D-4A50-B0FC-C5CE76F123D3}"
EndProject
Project("{8BC9CEB8-8B4A-11D0-8D11-00A0C91BC942}") = "BoCA Encoder MAC", "BoCA Encoder MAC\BoCA Encoder MAC.vcxproj", "{931BCE8E-7924-4AB2-B198-32C0EDF5C1AC}"
EndProject
Project("{8BC9CEB8-8B4A-11D0-8D11-00A0C91BC942}") = "BoCA Decoder MAD", "BoCA Decoder MAD\BoCA Decoder MAD.vcxproj", "{55914544-95F6-4216-877D-B82B25D674AA}"
EndProject
Project("{8BC9CEB8-8B4A-11D0-8D11-00A0C91BC942}") = "BoCA Decoder CDRip", "BoCA Decoder CDRip\BoCA Decoder CDRip.vcxproj", "{1117A2E3-05F8-458A-980E-B2FA2F6D3DE6}"
EndProject
Project("{8BC9CEB8-8B4A-11D0-8D11-00A0C91BC942}") = "BoCA Encoder FAAC", "BoCA Encoder FAAC\BoCA Encoder FAAC.vcxproj", "{7330B71F-BCB4-4A03-B18C-8A308ED7AC69}"
EndProject
Project("{8BC9CEB8-8B4A-11D0-8D11-00A0C91BC942}") = "BoCA Decoder VOC", "BoCA Decoder VOC\BoCA Decoder VOC.vcxproj", "{99FB186A-5E74-4DAF-9241-1FAE5222F7E5}"
EndProject
Project("{8BC9CEB8-8B4A-11D0-8D11-00A0C91BC942}") = "BoCA Extension TagEdit", "BoCA Extension TagEdit\BoCA Extension TagEdit.vcxproj", "{62E967ED-6F1C-4BF9-A3CF-2ECF68F68D4C}"
EndProject
Project("{8BC9CEB8-8B4A-11D0-8D11-00A0C91BC942}") = "BoCA Other External", "BoCA Other External\BoCA Other External.vcxproj", "{3F88C612-BB80-4458-AA32-74BCCA9403D2}"
EndProject
Project("{8BC9CEB8-8B4A-11D0-8D11-00A0C91BC942}") = "BoCA Extension CoverLoad", "BoCA Extension CoverLoad\BoCA Extension CoverLoad.vcxproj", "{BA319216-7AC0-498E-80F7-3A43BCFA6721}"
EndProject
Project("{8BC9CEB8-8B4A-11D0-8D11-00A0C91BC942}") = "BoCA Encoder WMA", "BoCA Encoder WMA\BoCA Encoder WMA.vcxproj", "{F95D53FF-D145-403A-A9D6-7672EC35596D}"
EndProject
Project("{8BC9CEB8-8B4A-11D0-8D11-00A0C91BC942}") = "BoCA Tagger ID3v2", "BoCA Tagger ID3v2\BoCA Tagger ID3v2.vcxproj", "{493708D6-4311-46B3-A58C-ED3C6A0513E7}"
EndProject
Project("{8BC9CEB8-8B4A-11D0-8D11-00A0C91BC942}") = "BoCA DeviceInfo CDRip", "BoCA DeviceInfo CDRip\BoCA DeviceInfo CDRip.vcxproj", "{22F3C1D1-9087-49D3-88CD-62A91AD3E544}"
EndProject
Project("{8BC9CEB8-8B4A-11D0-8D11-00A0C91BC942}") = "BoCA Decoder WMA", "BoCA Decoder WMA\BoCA Decoder WMA.vcxproj", "{53C563E5-05A5-4CCE-B332-9A68E371CD61}"
EndProject
Project("{8BC9CEB8-8B4A-11D0-8D11-00A0C91BC942}") = "BoCA Extension Protocols", "BoCA Extension Protocols\BoCA Extension Protocols.vcxproj", "{1A919782-3A67-4644-A37C-9A2275365CAB}"
EndProject
Project("{8BC9CEB8-8B4A-11D0-8D11-00A0C91BC942}") = "BoCA DeviceInfo AKRip", "BoCA DeviceInfo AKRip\BoCA DeviceInfo AKRip.vcxproj", "{D282E31E-05C4-458F-BEE2-E4761494D43E}"
EndProject
Project("{8BC9CEB8-8B4A-11D0-8D11-00A0C91BC942}") = "BoCA Decoder AKRip", "BoCA Decoder AKRip\BoCA Decoder AKRip.vcxproj", "{CF778649-2B27-4BF0-8A61-FB54A4C9B554}"
EndProject
Project("{8BC9CEB8-8B4A-11D0-8D11-00A0C91BC942}") = "BoCA Decoder Sndfile", "BoCA Decoder Sndfile\BoCA Decoder Sndfile.vcxproj", "{B486EB91-87AE-4A5C-8DA9-96919BDE7614}"
EndProject
Project("{8BC9CEB8-8B4A-11D0-8D11-00A0C91BC942}") = "BoCA Tagger MP4", "BoCA Tagger MP4\BoCA Tagger MP4.vcxproj", "{684DAF7C-DB61-4E62-BBDF-F17ED35B41BD}"
EndProject
Project("{8BC9CEB8-8B4A-11D0-8D11-00A0C91BC942}") = "BoCA Tagger RIFF", "BoCA Tagger RIFF\BoCA Tagger RIFF.vcxproj", "{F1E03BB7-5109-415C-805F-379FA88FB90E}"
EndProject
Project("{8BC9CEB8-8B4A-11D0-8D11-00A0C91BC942}") = "BoCA Extension YouTube", "BoCA Extension YouTube\BoCA Extension YouTube.vcxproj", "{18208AF1-5B52-45DC-BA37-B0CD3CDD216B}"
EndProject
Project("{8BC9CEB8-8B4A-11D0-8D11-00A0C91BC942}") = "BoCA Decoder Cuesheet", "BoCA Decoder Cuesheet\BoCA Decoder Cuesheet.vcxproj", "{95F4E9A6-9B61-4017-9BDF-75BF15312DF9}"
EndProject
Project("{8BC9CEB8-8B4A-11D0-8D11-00A0C91BC942}") = "BoCA Encoder Opus", "BoCA Encoder Opus\BoCA Encoder Opus.vcxproj", "{B66C24E2-B8E4-4E6A-974C-696A1C37886E}"
	ProjectSection(ProjectDependencies) = postProject
		{94F50AB3-6ADB-4F2E-97C5-3FBBC7E30FA3} = {94F50AB3-6ADB-4F2E-97C5-3FBBC7E30FA3}
	EndProjectSection
EndProject
Project("{8BC9CEB8-8B4A-11D0-8D11-00A0C91BC942}") = "BoCA DSP Resample", "BoCA DSP Resample\BoCA DSP Resample.vcxproj", "{1FD18ADC-F590-4714-A01B-44CB173E77D4}"
	ProjectSection(ProjectDependencies) = postProject
		{94F50AB3-6ADB-4F2E-97C5-3FBBC7E30FA3} = {94F50AB3-6ADB-4F2E-97C5-3FBBC7E30FA3}
	EndProjectSection
EndProject
Project("{8BC9CEB8-8B4A-11D0-8D11-00A0C91BC942}") = "BoCA Playlist M3U", "BoCA Playlist M3U\BoCA Playlist M3U.vcxproj", "{ECFC35DF-E414-4CF3-84F4-81749657D8F5}"
	ProjectSection(ProjectDependencies) = postProject
		{94F50AB3-6ADB-4F2E-97C5-3FBBC7E30FA3} = {94F50AB3-6ADB-4F2E-97C5-3FBBC7E30FA3}
	EndProjectSection
EndProject
Project("{8BC9CEB8-8B4A-11D0-8D11-00A0C91BC942}") = "BoCA Playlist XSPF", "BoCA Playlist XSPF\BoCA Playlist XSPF.vcxproj", "{815DA8C2-34FA-4AE8-90D7-1253183C4F01}"
	ProjectSection(ProjectDependencies) = postProject
		{94F50AB3-6ADB-4F2E-97C5-3FBBC7E30FA3} = {94F50AB3-6ADB-4F2E-97C5-3FBBC7E30FA3}
	EndProjectSection
EndProject
Project("{8BC9CEB8-8B4A-11D0-8D11-00A0C91BC942}") = "BoCA Encoder CoreAudio", "BoCA Encoder CoreAudio\BoCA Encoder CoreAudio.vcxproj", "{C1C0D366-24C3-429A-944F-E057971A4D2B}"
	ProjectSection(ProjectDependencies) = postProject
		{94F50AB3-6ADB-4F2E-97C5-3FBBC7E30FA3} = {94F50AB3-6ADB-4F2E-97C5-3FBBC7E30FA3}
	EndProjectSection
EndProject
Project("{8BC9CEB8-8B4A-11D0-8D11-00A0C91BC942}") = "BoCA Decoder Opus", "BoCA Decoder Opus\BoCA Decoder Opus.vcxproj", "{D17DD4D0-7F58-4D8D-8E5D-E47434A50C5D}"
	ProjectSection(ProjectDependencies) = postProject
		{94F50AB3-6ADB-4F2E-97C5-3FBBC7E30FA3} = {94F50AB3-6ADB-4F2E-97C5-3FBBC7E30FA3}
	EndProjectSection
EndProject
Project("{8BC9CEB8-8B4A-11D0-8D11-00A0C91BC942}") = "BoCA Extension StatusTime", "BoCA Extension StatusTime\BoCA Extension StatusTime.vcxproj", "{9868B1DA-EE14-4A6A-BA5A-BA7BD48DC9BE}"
	ProjectSection(ProjectDependencies) = postProject
		{94F50AB3-6ADB-4F2E-97C5-3FBBC7E30FA3} = {94F50AB3-6ADB-4F2E-97C5-3FBBC7E30FA3}
	EndProjectSection
EndProject
Project("{8BC9CEB8-8B4A-11D0-8D11-00A0C91BC942}") = "BoCA Playlist PLS", "BoCA Playlist PLS\BoCA Playlist PLS.vcxproj", "{4B0499FA-2E64-4765-B79E-F8A5C283E372}"
	ProjectSection(ProjectDependencies) = postProject
		{94F50AB3-6ADB-4F2E-97C5-3FBBC7E30FA3} = {94F50AB3-6ADB-4F2E-97C5-3FBBC7E30FA3}
	EndProjectSection
EndProject
Project("{8BC9CEB8-8B4A-11D0-8D11-00A0C91BC942}") = "BoCA Playlist WPL", "BoCA Playlist WPL\BoCA Playlist WPL.vcxproj", "{2B0C9CBB-13FC-42EA-844D-88CE3E4BE303}"
	ProjectSection(ProjectDependencies) = postProject
		{94F50AB3-6ADB-4F2E-97C5-3FBBC7E30FA3} = {94F50AB3-6ADB-4F2E-97C5-3FBBC7E30FA3}
	EndProjectSection
EndProject
Project("{8BC9CEB8-8B4A-11D0-8D11-00A0C91BC942}") = "BoCA Playlist Cuesheet", "BoCA Playlist Cuesheet\BoCA Playlist Cuesheet.vcxproj", "{A63C8858-4C68-4871-A624-8F01E763265A}"
	ProjectSection(ProjectDependencies) = postProject
		{94F50AB3-6ADB-4F2E-97C5-3FBBC7E30FA3} = {94F50AB3-6ADB-4F2E-97C5-3FBBC7E30FA3}
	EndProjectSection
EndProject
Project("{8BC9CEB8-8B4A-11D0-8D11-00A0C91BC942}") = "BoCA Output WaveOut", "BoCA Output WaveOut\BoCA Output WaveOut.vcxproj", "{25CE1149-5E11-4DF1-8FAF-93EC47CBB000}"
	ProjectSection(ProjectDependencies) = postProject
		{94F50AB3-6ADB-4F2E-97C5-3FBBC7E30FA3} = {94F50AB3-6ADB-4F2E-97C5-3FBBC7E30FA3}
	EndProjectSection
EndProject
Project("{8BC9CEB8-8B4A-11D0-8D11-00A0C91BC942}") = "BoCA Decoder AIFF", "BoCA Decoder AIFF\BoCA Decoder AIFF.vcxproj", "{51720752-D947-498E-B025-17D0788C887A}"
	ProjectSection(ProjectDependencies) = postProject
		{94F50AB3-6ADB-4F2E-97C5-3FBBC7E30FA3} = {94F50AB3-6ADB-4F2E-97C5-3FBBC7E30FA3}
	EndProjectSection
EndProject
Project("{8BC9CEB8-8B4A-11D0-8D11-00A0C91BC942}") = "BoCA Decoder AU", "BoCA Decoder AU\BoCA Decoder AU.vcxproj", "{5955A02D-128D-4F13-9261-C891AEC71E05}"
	ProjectSection(ProjectDependencies) = postProject
		{94F50AB3-6ADB-4F2E-97C5-3FBBC7E30FA3} = {94F50AB3-6ADB-4F2E-97C5-3FBBC7E30FA3}
	EndProjectSection
EndProject
Project("{8BC9CEB8-8B4A-11D0-8D11-00A0C91BC942}") = "BoCA Decoder FDKAAC", "BoCA Decoder FDKAAC\BoCA Decoder FDKAAC.vcxproj", "{21E996FE-0298-420B-9F03-F57DBFAE956F}"
	ProjectSection(ProjectDependencies) = postProject
		{94F50AB3-6ADB-4F2E-97C5-3FBBC7E30FA3} = {94F50AB3-6ADB-4F2E-97C5-3FBBC7E30FA3}
	EndProjectSection
EndProject
Project("{8BC9CEB8-8B4A-11D0-8D11-00A0C91BC942}") = "BoCA Decoder MPG123", "BoCA Decoder MPG123\BoCA Decoder MPG123.vcxproj", "{C0FD916F-F4C5-457D-9028-8CFEBC702A83}"
	ProjectSection(ProjectDependencies) = postProject
		{94F50AB3-6ADB-4F2E-97C5-3FBBC7E30FA3} = {94F50AB3-6ADB-4F2E-97C5-3FBBC7E30FA3}
	EndProjectSection
EndProject
Project("{8BC9CEB8-8B4A-11D0-8D11-00A0C91BC942}") = "BoCA Decoder Speex", "BoCA Decoder Speex\BoCA Decoder Speex.vcxproj", "{04FA827B-2ADF-4E0A-A90D-727B246B4E0B}"
	ProjectSection(ProjectDependencies) = postProject
		{94F50AB3-6ADB-4F2E-97C5-3FBBC7E30FA3} = {94F50AB3-6ADB-4F2E-97C5-3FBBC7E30FA3}
	EndProjectSection
EndProject
Project("{8BC9CEB8-8B4A-11D0-8D11-00A0C91BC942}") = "BoCA Decoder TwinVQ", "BoCA Decoder TwinVQ\BoCA Decoder TwinVQ.vcxproj", "{6E70B3D7-3566-4AFF-9B40-CFE33B63AD6F}"
	ProjectSection(ProjectDependencies) = postProject
		{94F50AB3-6ADB-4F2E-97C5-3FBBC7E30FA3} = {94F50AB3-6ADB-4F2E-97C5-3FBBC7E30FA3}
	EndProjectSection
EndProject
Project("{8BC9CEB8-8B4A-11D0-8D11-00A0C91BC942}") = "BoCA Extension Burn", "BoCA Extension Burn\BoCA Extension Burn.vcxproj", "{2B5BFE8E-888C-47BB-9A51-F30AEEC73614}"
	ProjectSection(ProjectDependencies) = postProject
		{94F50AB3-6ADB-4F2E-97C5-3FBBC7E30FA3} = {94F50AB3-6ADB-4F2E-97C5-3FBBC7E30FA3}
	EndProjectSection
EndProject
Project("{8BC9CEB8-8B4A-11D0-8D11-00A0C91BC942}") = "BoCA Extension Donate", "BoCA Extension Donate\BoCA Extension Donate.vcxproj", "{F76F7697-13A4-43A2-8AFD-4A748F3BB4EC}"
	ProjectSection(ProjectDependencies) = postProject
		{94F50AB3-6ADB-4F2E-97C5-3FBBC7E30FA3} = {94F50AB3-6ADB-4F2E-97C5-3FBBC7E30FA3}
	EndProjectSection
EndProject
Project("{8BC9CEB8-8B4A-11D0-8D11-00A0C91BC942}") = "BoCA Tagger APEv2", "BoCA Tagger APEv2\BoCA Tagger APEv2.vcxproj", "{CE3D1B9D-7F87-4780-848C-82D4E18FAD35}"
	ProjectSection(ProjectDependencies) = postProject
		{94F50AB3-6ADB-4F2E-97C5-3FBBC7E30FA3} = {94F50AB3-6ADB-4F2E-97C5-3FBBC7E30FA3}
	EndProjectSection
EndProject
Project("{8BC9CEB8-8B4A-11D0-8D11-00A0C91BC942}") = "BoCA Tagger Cart", "BoCA Tagger Cart\BoCA Tagger Cart.vcxproj", "{B47FA930-675C-4077-9350-734F7492AB5A}"
	ProjectSection(ProjectDependencies) = postProject
		{94F50AB3-6ADB-4F2E-97C5-3FBBC7E30FA3} = {94F50AB3-6ADB-4F2E-97C5-3FBBC7E30FA3}
	EndProjectSection
EndProject
Project("{8BC9CEB8-8B4A-11D0-8D11-00A0C91BC942}") = "BoCA Tagger FLAC", "BoCA Tagger FLAC\BoCA Tagger FLAC.vcxproj", "{D7F1A1DF-30EC-4197-9F70-E079310AB5A2}"
	ProjectSection(ProjectDependencies) = postProject
		{94F50AB3-6ADB-4F2E-97C5-3FBBC7E30FA3} = {94F50AB3-6ADB-4F2E-97C5-3FBBC7E30FA3}
	EndProjectSection
EndProject
Project("{8BC9CEB8-8B4A-11D0-8D11-00A0C91BC942}") = "BoCA Tagger ID3v1", "BoCA Tagger ID3v1\BoCA Tagger ID3v1.vcxproj", "{9B656569-1B48-4154-99A7-2BC32FED354C}"
	ProjectSection(ProjectDependencies) = postProject
		{94F50AB3-6ADB-4F2E-97C5-3FBBC7E30FA3} = {94F50AB3-6ADB-4F2E-97C5-3FBBC7E30FA3}
	EndProjectSection
EndProject
Project("{8BC9CEB8-8B4A-11D0-8D11-00A0C91BC942}") = "BoCA Tagger Vorbis", "BoCA Tagger Vorbis\BoCA Tagger Vorbis.vcxproj", "{33439687-0064-443A-924B-A0E6467C4972}"
	ProjectSection(ProjectDependencies) = postProject
		{94F50AB3-6ADB-4F2E-97C5-3FBBC7E30FA3} = {94F50AB3-6ADB-4F2E-97C5-3FBBC7E30FA3}
	EndProjectSection
EndProject
Project("{8BC9CEB8-8B4A-11D0-8D11-00A0C91BC942}") = "BoCA Tagger WMA", "BoCA Tagger WMA\BoCA Tagger WMA.vcxproj", "{08A268A7-AB6A-446F-9876-48956BC615C2}"
	ProjectSection(ProjectDependencies) = postProject
		{94F50AB3-6ADB-4F2E-97C5-3FBBC7E30FA3} = {94F50AB3-6ADB-4F2E-97C5-3FBBC7E30FA3}
	EndProjectSection
EndProject
Project("{8BC9CEB8-8B4A-11D0-8D11-00A0C91BC942}") = "BoCA Encoder BladeEnc", "BoCA Encoder BladeEnc\BoCA Encoder BladeEnc.vcxproj", "{B9AF74FE-477F-4907-ABE1-DC37E6D1F7D4}"
	ProjectSection(ProjectDependencies) = postProject
		{94F50AB3-6ADB-4F2E-97C5-3FBBC7E30FA3} = {94F50AB3-6ADB-4F2E-97C5-3FBBC7E30FA3}
	EndProjectSection
EndProject
Project("{8BC9CEB8-8B4A-11D0-8D11-00A0C91BC942}") = "BoCA Encoder FDKAAC", "BoCA Encoder FDKAAC\BoCA Encoder FDKAAC.vcxproj", "{C45B1627-A03E-4CF1-A76D-CD1DBB4B7E83}"
	ProjectSection(ProjectDependencies) = postProject
		{94F50AB3-6ADB-4F2E-97C5-3FBBC7E30FA3} = {94F50AB3-6ADB-4F2E-97C5-3FBBC7E30FA3}
	EndProjectSection
EndProject
Project("{8BC9CEB8-8B4A-11D0-8D11-00A0C91BC942}") = "BoCA Encoder Speex", "BoCA Encoder Speex\BoCA Encoder Speex.vcxproj", "{3299103C-F24E-4157-86CB-F568B48CD6A1}"
	ProjectSection(ProjectDependencies) = postProject
		{94F50AB3-6ADB-4F2E-97C5-3FBBC7E30FA3} = {94F50AB3-6ADB-4F2E-97C5-3FBBC7E30FA3}
	EndProjectSection
EndProject
Project("{8BC9CEB8-8B4A-11D0-8D11-00A0C91BC942}") = "BoCA Encoder TwinVQ", "BoCA Encoder TwinVQ\BoCA Encoder TwinVQ.vcxproj", "{565C7891-D45B-4F64-A974-484122FD1253}"
	ProjectSection(ProjectDependencies) = postProject
		{94F50AB3-6ADB-4F2E-97C5-3FBBC7E30FA3} = {94F50AB3-6ADB-4F2E-97C5-3FBBC7E30FA3}
	EndProjectSection
EndProject
Project("{8BC9CEB8-8B4A-11D0-8D11-00A0C91BC942}") = "BoCA Encoder voAAC", "BoCA Encoder voAAC\BoCA Encoder voAAC.vcxproj", "{F79A69FE-F6A3-4326-B492-A34574468179}"
	ProjectSection(ProjectDependencies) = postProject
		{94F50AB3-6ADB-4F2E-97C5-3FBBC7E30FA3} = {94F50AB3-6ADB-4F2E-97C5-3FBBC7E30FA3}
	EndProjectSection
EndProject
Project("{8BC9CEB8-8B4A-11D0-8D11-00A0C91BC942}") = "BoCA Encoder Sndfile", "BoCA Encoder Sndfile\BoCA Encoder Sndfile.vcxproj", "{4C1AB73D-202E-493D-93EC-ABD92D43D1F6}"
	ProjectSection(ProjectDependencies) = postProject
		{94F50AB3-6ADB-4F2E-97C5-3FBBC7E30FA3} = {94F50AB3-6ADB-4F2E-97C5-3FBBC7E30FA3}
	EndProjectSection
EndProject
Project("{8BC9CEB8-8B4A-11D0-8D11-00A0C91BC942}") = "BoCA Verifier MD5", "BoCA Verifier MD5\BoCA Verifier MD5.vcxproj", "{8D721824-C5F4-49E2-955D-BF0D57B1D9A5}"
	ProjectSection(ProjectDependencies) = postProject
		{94F50AB3-6ADB-4F2E-97C5-3FBBC7E30FA3} = {94F50AB3-6ADB-4F2E-97C5-3FBBC7E30FA3}
	EndProjectSection
EndProject
Project("{8BC9CEB8-8B4A-11D0-8D11-00A0C91BC942}") = "BoCA Encoder meh!", "BoCA Encoder meh!\BoCA Encoder meh!.vcxproj", "{10051E4C-1220-4AF4-9518-8415C674ED8F}"
	ProjectSection(ProjectDependencies) = postProject
		{94F50AB3-6ADB-4F2E-97C5-3FBBC7E30FA3} = {94F50AB3-6ADB-4F2E-97C5-3FBBC7E30FA3}
	EndProjectSection
EndProject
Global
	GlobalSection(SolutionConfigurationPlatforms) = preSolution
		Debug|Win32 = Debug|Win32
		Debug|x64 = Debug|x64
		Release|Win32 = Release|Win32
		Release|x64 = Release|x64
	EndGlobalSection
	GlobalSection(ProjectConfigurationPlatforms) = postSolution
		{94F50AB3-6ADB-4F2E-97C5-3FBBC7E30FA3}.Debug|Win32.ActiveCfg = Debug|Win32
		{94F50AB3-6ADB-4F2E-97C5-3FBBC7E30FA3}.Debug|Win32.Build.0 = Debug|Win32
		{94F50AB3-6ADB-4F2E-97C5-3FBBC7E30FA3}.Debug|x64.ActiveCfg = Debug|x64
		{94F50AB3-6ADB-4F2E-97C5-3FBBC7E30FA3}.Debug|x64.Build.0 = Debug|x64
		{94F50AB3-6ADB-4F2E-97C5-3FBBC7E30FA3}.Release|Win32.ActiveCfg = Release|Win32
		{94F50AB3-6ADB-4F2E-97C5-3FBBC7E30FA3}.Release|Win32.Build.0 = Release|Win32
		{94F50AB3-6ADB-4F2E-97C5-3FBBC7E30FA3}.Release|x64.ActiveCfg = Release|x64
		{94F50AB3-6ADB-4F2E-97C5-3FBBC7E30FA3}.Release|x64.Build.0 = Release|x64
		{AB90B22B-C3A4-4DB3-B4F1-772A442E3EED}.Debug|Win32.ActiveCfg = Debug|Win32
		{AB90B22B-C3A4-4DB3-B4F1-772A442E3EED}.Debug|Win32.Build.0 = Debug|Win32
		{AB90B22B-C3A4-4DB3-B4F1-772A442E3EED}.Debug|x64.ActiveCfg = Debug|x64
		{AB90B22B-C3A4-4DB3-B4F1-772A442E3EED}.Debug|x64.Build.0 = Debug|x64
		{AB90B22B-C3A4-4DB3-B4F1-772A442E3EED}.Release|Win32.ActiveCfg = Release|Win32
		{AB90B22B-C3A4-4DB3-B4F1-772A442E3EED}.Release|Win32.Build.0 = Release|Win32
		{AB90B22B-C3A4-4DB3-B4F1-772A442E3EED}.Release|x64.ActiveCfg = Release|x64
		{AB90B22B-C3A4-4DB3-B4F1-772A442E3EED}.Release|x64.Build.0 = Release|x64
		{4C453902-218A-49B7-9105-23BDB4F4B219}.Debug|Win32.ActiveCfg = Debug|Win32
		{4C453902-218A-49B7-9105-23BDB4F4B219}.Debug|Win32.Build.0 = Debug|Win32
		{4C453902-218A-49B7-9105-23BDB4F4B219}.Debug|x64.ActiveCfg = Debug|x64
		{4C453902-218A-49B7-9105-23BDB4F4B219}.Debug|x64.Build.0 = Debug|x64
		{4C453902-218A-49B7-9105-23BDB4F4B219}.Release|Win32.ActiveCfg = Release|Win32
		{4C453902-218A-49B7-9105-23BDB4F4B219}.Release|Win32.Build.0 = Release|Win32
		{4C453902-218A-49B7-9105-23BDB4F4B219}.Release|x64.ActiveCfg = Release|x64
		{4C453902-218A-49B7-9105-23BDB4F4B219}.Release|x64.Build.0 = Release|x64
		{36A781A6-8F0E-4371-A2E5-F1F1534A0E38}.Debug|Win32.ActiveCfg = Debug|Win32
		{36A781A6-8F0E-4371-A2E5-F1F1534A0E38}.Debug|Win32.Build.0 = Debug|Win32
		{36A781A6-8F0E-4371-A2E5-F1F1534A0E38}.Debug|x64.ActiveCfg = Debug|x64
		{36A781A6-8F0E-4371-A2E5-F1F1534A0E38}.Debug|x64.Build.0 = Debug|x64
		{36A781A6-8F0E-4371-A2E5-F1F1534A0E38}.Release|Win32.ActiveCfg = Release|Win32
		{36A781A6-8F0E-4371-A2E5-F1F1534A0E38}.Release|Win32.Build.0 = Release|Win32
		{36A781A6-8F0E-4371-A2E5-F1F1534A0E38}.Release|x64.ActiveCfg = Release|x64
		{36A781A6-8F0E-4371-A2E5-F1F1534A0E38}.Release|x64.Build.0 = Release|x64
		{D1938112-BD2F-4AA9-9497-8BEFF05F8E86}.Debug|Win32.ActiveCfg = Debug|Win32
		{D1938112-BD2F-4AA9-9497-8BEFF05F8E86}.Debug|Win32.Build.0 = Debug|Win32
		{D1938112-BD2F-4AA9-9497-8BEFF05F8E86}.Debug|x64.ActiveCfg = Debug|x64
		{D1938112-BD2F-4AA9-9497-8BEFF05F8E86}.Debug|x64.Build.0 = Debug|x64
		{D1938112-BD2F-4AA9-9497-8BEFF05F8E86}.Release|Win32.ActiveCfg = Release|Win32
		{D1938112-BD2F-4AA9-9497-8BEFF05F8E86}.Release|Win32.Build.0 = Release|Win32
		{D1938112-BD2F-4AA9-9497-8BEFF05F8E86}.Release|x64.ActiveCfg = Release|x64
		{D1938112-BD2F-4AA9-9497-8BEFF05F8E86}.Release|x64.Build.0 = Release|x64
		{645BA2D6-E6F0-4025-A626-C3D1642B28ED}.Debug|Win32.ActiveCfg = Debug|Win32
		{645BA2D6-E6F0-4025-A626-C3D1642B28ED}.Debug|Win32.Build.0 = Debug|Win32
		{645BA2D6-E6F0-4025-A626-C3D1642B28ED}.Debug|x64.ActiveCfg = Debug|x64
		{645BA2D6-E6F0-4025-A626-C3D1642B28ED}.Debug|x64.Build.0 = Debug|x64
		{645BA2D6-E6F0-4025-A626-C3D1642B28ED}.Release|Win32.ActiveCfg = Release|Win32
		{645BA2D6-E6F0-4025-A626-C3D1642B28ED}.Release|Win32.Build.0 = Release|Win32
		{645BA2D6-E6F0-4025-A626-C3D1642B28ED}.Release|x64.ActiveCfg = Release|x64
		{645BA2D6-E6F0-4025-A626-C3D1642B28ED}.Release|x64.Build.0 = Release|x64
		{43F09A1F-62E1-49F2-9BE8-C14B7956467A}.Debug|Win32.ActiveCfg = Debug|Win32
		{43F09A1F-62E1-49F2-9BE8-C14B7956467A}.Debug|Win32.Build.0 = Debug|Win32
		{43F09A1F-62E1-49F2-9BE8-C14B7956467A}.Debug|x64.ActiveCfg = Debug|x64
		{43F09A1F-62E1-49F2-9BE8-C14B7956467A}.Debug|x64.Build.0 = Debug|x64
		{43F09A1F-62E1-49F2-9BE8-C14B7956467A}.Release|Win32.ActiveCfg = Release|Win32
		{43F09A1F-62E1-49F2-9BE8-C14B7956467A}.Release|Win32.Build.0 = Release|Win32
		{43F09A1F-62E1-49F2-9BE8-C14B7956467A}.Release|x64.ActiveCfg = Release|x64
		{43F09A1F-62E1-49F2-9BE8-C14B7956467A}.Release|x64.Build.0 = Release|x64
		{4B7A251C-FD60-44BF-B546-35C936C382B2}.Debug|Win32.ActiveCfg = Debug|Win32
		{4B7A251C-FD60-44BF-B546-35C936C382B2}.Debug|Win32.Build.0 = Debug|Win32
		{4B7A251C-FD60-44BF-B546-35C936C382B2}.Debug|x64.ActiveCfg = Debug|x64
		{4B7A251C-FD60-44BF-B546-35C936C382B2}.Debug|x64.Build.0 = Debug|x64
		{4B7A251C-FD60-44BF-B546-35C936C382B2}.Release|Win32.ActiveCfg = Release|Win32
		{4B7A251C-FD60-44BF-B546-35C936C382B2}.Release|Win32.Build.0 = Release|Win32
		{4B7A251C-FD60-44BF-B546-35C936C382B2}.Release|x64.ActiveCfg = Release|x64
		{4B7A251C-FD60-44BF-B546-35C936C382B2}.Release|x64.Build.0 = Release|x64
		{EF897FC4-F3B2-4D12-AE3B-73215F1F8520}.Debug|Win32.ActiveCfg = Debug|Win32
		{EF897FC4-F3B2-4D12-AE3B-73215F1F8520}.Debug|Win32.Build.0 = Debug|Win32
		{EF897FC4-F3B2-4D12-AE3B-73215F1F8520}.Debug|x64.ActiveCfg = Debug|x64
		{EF897FC4-F3B2-4D12-AE3B-73215F1F8520}.Debug|x64.Build.0 = Debug|x64
		{EF897FC4-F3B2-4D12-AE3B-73215F1F8520}.Release|Win32.ActiveCfg = Release|Win32
		{EF897FC4-F3B2-4D12-AE3B-73215F1F8520}.Release|Win32.Build.0 = Release|Win32
		{EF897FC4-F3B2-4D12-AE3B-73215F1F8520}.Release|x64.ActiveCfg = Release|x64
		{EF897FC4-F3B2-4D12-AE3B-73215F1F8520}.Release|x64.Build.0 = Release|x64
		{F6F8BC3E-E297-436A-81CC-2BC8B7BCE0C6}.Debug|Win32.ActiveCfg = Debug|Win32
		{F6F8BC3E-E297-436A-81CC-2BC8B7BCE0C6}.Debug|Win32.Build.0 = Debug|Win32
		{F6F8BC3E-E297-436A-81CC-2BC8B7BCE0C6}.Debug|x64.ActiveCfg = Debug|x64
		{F6F8BC3E-E297-436A-81CC-2BC8B7BCE0C6}.Debug|x64.Build.0 = Debug|x64
		{F6F8BC3E-E297-436A-81CC-2BC8B7BCE0C6}.Release|Win32.ActiveCfg = Release|Win32
		{F6F8BC3E-E297-436A-81CC-2BC8B7BCE0C6}.Release|Win32.Build.0 = Release|Win32
		{F6F8BC3E-E297-436A-81CC-2BC8B7BCE0C6}.Release|x64.ActiveCfg = Release|x64
		{F6F8BC3E-E297-436A-81CC-2BC8B7BCE0C6}.Release|x64.Build.0 = Release|x64
		{7BE23BF3-90CF-47D6-A81F-B30AEC362834}.Debug|Win32.ActiveCfg = Debug|Win32
		{7BE23BF3-90CF-47D6-A81F-B30AEC362834}.Debug|Win32.Build.0 = Debug|Win32
		{7BE23BF3-90CF-47D6-A81F-B30AEC362834}.Debug|x64.ActiveCfg = Debug|x64
		{7BE23BF3-90CF-47D6-A81F-B30AEC362834}.Debug|x64.Build.0 = Debug|x64
		{7BE23BF3-90CF-47D6-A81F-B30AEC362834}.Release|Win32.ActiveCfg = Release|Win32
		{7BE23BF3-90CF-47D6-A81F-B30AEC362834}.Release|Win32.Build.0 = Release|Win32
		{7BE23BF3-90CF-47D6-A81F-B30AEC362834}.Release|x64.ActiveCfg = Release|x64
		{7BE23BF3-90CF-47D6-A81F-B30AEC362834}.Release|x64.Build.0 = Release|x64
		{0D308EE8-E2D3-4F72-AC80-FAFF97BC6669}.Debug|Win32.ActiveCfg = Debug|Win32
		{0D308EE8-E2D3-4F72-AC80-FAFF97BC6669}.Debug|Win32.Build.0 = Debug|Win32
		{0D308EE8-E2D3-4F72-AC80-FAFF97BC6669}.Debug|x64.ActiveCfg = Debug|x64
		{0D308EE8-E2D3-4F72-AC80-FAFF97BC6669}.Debug|x64.Build.0 = Debug|x64
		{0D308EE8-E2D3-4F72-AC80-FAFF97BC6669}.Release|Win32.ActiveCfg = Release|Win32
		{0D308EE8-E2D3-4F72-AC80-FAFF97BC6669}.Release|Win32.Build.0 = Release|Win32
		{0D308EE8-E2D3-4F72-AC80-FAFF97BC6669}.Release|x64.ActiveCfg = Release|x64
		{0D308EE8-E2D3-4F72-AC80-FAFF97BC6669}.Release|x64.Build.0 = Release|x64
		{CFC226C2-E9DF-46AB-8CE6-5EA9058FB98E}.Debug|Win32.ActiveCfg = Debug|Win32
		{CFC226C2-E9DF-46AB-8CE6-5EA9058FB98E}.Debug|Win32.Build.0 = Debug|Win32
		{CFC226C2-E9DF-46AB-8CE6-5EA9058FB98E}.Debug|x64.ActiveCfg = Debug|x64
		{CFC226C2-E9DF-46AB-8CE6-5EA9058FB98E}.Debug|x64.Build.0 = Debug|x64
		{CFC226C2-E9DF-46AB-8CE6-5EA9058FB98E}.Release|Win32.ActiveCfg = Release|Win32
		{CFC226C2-E9DF-46AB-8CE6-5EA9058FB98E}.Release|Win32.Build.0 = Release|Win32
		{CFC226C2-E9DF-46AB-8CE6-5EA9058FB98E}.Release|x64.ActiveCfg = Release|x64
		{CFC226C2-E9DF-46AB-8CE6-5EA9058FB98E}.Release|x64.Build.0 = Release|x64
		{0AAFCA8A-8938-4BA9-87E9-1661CD467060}.Debug|Win32.ActiveCfg = Debug|Win32
		{0AAFCA8A-8938-4BA9-87E9-1661CD467060}.Debug|Win32.Build.0 = Debug|Win32
		{0AAFCA8A-8938-4BA9-87E9-1661CD467060}.Debug|x64.ActiveCfg = Debug|x64
		{0AAFCA8A-8938-4BA9-87E9-1661CD467060}.Debug|x64.Build.0 = Debug|x64
		{0AAFCA8A-8938-4BA9-87E9-1661CD467060}.Release|Win32.ActiveCfg = Release|Win32
		{0AAFCA8A-8938-4BA9-87E9-1661CD467060}.Release|Win32.Build.0 = Release|Win32
		{0AAFCA8A-8938-4BA9-87E9-1661CD467060}.Release|x64.ActiveCfg = Release|x64
		{0AAFCA8A-8938-4BA9-87E9-1661CD467060}.Release|x64.Build.0 = Release|x64
		{E43C6BD2-856D-4A50-B0FC-C5CE76F123D3}.Debug|Win32.ActiveCfg = Debug|Win32
		{E43C6BD2-856D-4A50-B0FC-C5CE76F123D3}.Debug|Win32.Build.0 = Debug|Win32
		{E43C6BD2-856D-4A50-B0FC-C5CE76F123D3}.Debug|x64.ActiveCfg = Debug|x64
		{E43C6BD2-856D-4A50-B0FC-C5CE76F123D3}.Debug|x64.Build.0 = Debug|x64
		{E43C6BD2-856D-4A50-B0FC-C5CE76F123D3}.Release|Win32.ActiveCfg = Release|Win32
		{E43C6BD2-856D-4A50-B0FC-C5CE76F123D3}.Release|Win32.Build.0 = Release|Win32
		{E43C6BD2-856D-4A50-B0FC-C5CE76F123D3}.Release|x64.ActiveCfg = Release|x64
		{E43C6BD2-856D-4A50-B0FC-C5CE76F123D3}.Release|x64.Build.0 = Release|x64
		{931BCE8E-7924-4AB2-B198-32C0EDF5C1AC}.Debug|Win32.ActiveCfg = Debug|Win32
		{931BCE8E-7924-4AB2-B198-32C0EDF5C1AC}.Debug|Win32.Build.0 = Debug|Win32
		{931BCE8E-7924-4AB2-B198-32C0EDF5C1AC}.Debug|x64.ActiveCfg = Debug|x64
		{931BCE8E-7924-4AB2-B198-32C0EDF5C1AC}.Debug|x64.Build.0 = Debug|x64
		{931BCE8E-7924-4AB2-B198-32C0EDF5C1AC}.Release|Win32.ActiveCfg = Release|Win32
		{931BCE8E-7924-4AB2-B198-32C0EDF5C1AC}.Release|Win32.Build.0 = Release|Win32
		{931BCE8E-7924-4AB2-B198-32C0EDF5C1AC}.Release|x64.ActiveCfg = Release|x64
		{931BCE8E-7924-4AB2-B198-32C0EDF5C1AC}.Release|x64.Build.0 = Release|x64
		{55914544-95F6-4216-877D-B82B25D674AA}.Debug|Win32.ActiveCfg = Debug|Win32
		{55914544-95F6-4216-877D-B82B25D674AA}.Debug|Win32.Build.0 = Debug|Win32
		{55914544-95F6-4216-877D-B82B25D674AA}.Debug|x64.ActiveCfg = Debug|x64
		{55914544-95F6-4216-877D-B82B25D674AA}.Release|Win32.ActiveCfg = Release|Win32
		{55914544-95F6-4216-877D-B82B25D674AA}.Release|Win32.Build.0 = Release|Win32
		{55914544-95F6-4216-877D-B82B25D674AA}.Release|x64.ActiveCfg = Release|x64
		{1117A2E3-05F8-458A-980E-B2FA2F6D3DE6}.Debug|Win32.ActiveCfg = Debug|Win32
		{1117A2E3-05F8-458A-980E-B2FA2F6D3DE6}.Debug|Win32.Build.0 = Debug|Win32
		{1117A2E3-05F8-458A-980E-B2FA2F6D3DE6}.Debug|x64.ActiveCfg = Debug|x64
		{1117A2E3-05F8-458A-980E-B2FA2F6D3DE6}.Debug|x64.Build.0 = Debug|x64
		{1117A2E3-05F8-458A-980E-B2FA2F6D3DE6}.Release|Win32.ActiveCfg = Release|Win32
		{1117A2E3-05F8-458A-980E-B2FA2F6D3DE6}.Release|Win32.Build.0 = Release|Win32
		{1117A2E3-05F8-458A-980E-B2FA2F6D3DE6}.Release|x64.ActiveCfg = Release|x64
		{1117A2E3-05F8-458A-980E-B2FA2F6D3DE6}.Release|x64.Build.0 = Release|x64
		{7330B71F-BCB4-4A03-B18C-8A308ED7AC69}.Debug|Win32.ActiveCfg = Debug|Win32
		{7330B71F-BCB4-4A03-B18C-8A308ED7AC69}.Debug|Win32.Build.0 = Debug|Win32
		{7330B71F-BCB4-4A03-B18C-8A308ED7AC69}.Debug|x64.ActiveCfg = Debug|x64
		{7330B71F-BCB4-4A03-B18C-8A308ED7AC69}.Debug|x64.Build.0 = Debug|x64
		{7330B71F-BCB4-4A03-B18C-8A308ED7AC69}.Release|Win32.ActiveCfg = Release|Win32
		{7330B71F-BCB4-4A03-B18C-8A308ED7AC69}.Release|Win32.Build.0 = Release|Win32
		{7330B71F-BCB4-4A03-B18C-8A308ED7AC69}.Release|x64.ActiveCfg = Release|x64
		{7330B71F-BCB4-4A03-B18C-8A308ED7AC69}.Release|x64.Build.0 = Release|x64
		{99FB186A-5E74-4DAF-9241-1FAE5222F7E5}.Debug|Win32.ActiveCfg = Debug|Win32
		{99FB186A-5E74-4DAF-9241-1FAE5222F7E5}.Debug|Win32.Build.0 = Debug|Win32
		{99FB186A-5E74-4DAF-9241-1FAE5222F7E5}.Debug|x64.ActiveCfg = Debug|x64
		{99FB186A-5E74-4DAF-9241-1FAE5222F7E5}.Debug|x64.Build.0 = Debug|x64
		{99FB186A-5E74-4DAF-9241-1FAE5222F7E5}.Release|Win32.ActiveCfg = Release|Win32
		{99FB186A-5E74-4DAF-9241-1FAE5222F7E5}.Release|Win32.Build.0 = Release|Win32
		{99FB186A-5E74-4DAF-9241-1FAE5222F7E5}.Release|x64.ActiveCfg = Release|x64
		{99FB186A-5E74-4DAF-9241-1FAE5222F7E5}.Release|x64.Build.0 = Release|x64
		{62E967ED-6F1C-4BF9-A3CF-2ECF68F68D4C}.Debug|Win32.ActiveCfg = Debug|Win32
		{62E967ED-6F1C-4BF9-A3CF-2ECF68F68D4C}.Debug|Win32.Build.0 = Debug|Win32
		{62E967ED-6F1C-4BF9-A3CF-2ECF68F68D4C}.Debug|x64.ActiveCfg = Debug|x64
		{62E967ED-6F1C-4BF9-A3CF-2ECF68F68D4C}.Debug|x64.Build.0 = Debug|x64
		{62E967ED-6F1C-4BF9-A3CF-2ECF68F68D4C}.Release|Win32.ActiveCfg = Release|Win32
		{62E967ED-6F1C-4BF9-A3CF-2ECF68F68D4C}.Release|Win32.Build.0 = Release|Win32
		{62E967ED-6F1C-4BF9-A3CF-2ECF68F68D4C}.Release|x64.ActiveCfg = Release|x64
		{62E967ED-6F1C-4BF9-A3CF-2ECF68F68D4C}.Release|x64.Build.0 = Release|x64
		{3F88C612-BB80-4458-AA32-74BCCA9403D2}.Debug|Win32.ActiveCfg = Debug|Win32
		{3F88C612-BB80-4458-AA32-74BCCA9403D2}.Debug|Win32.Build.0 = Debug|Win32
		{3F88C612-BB80-4458-AA32-74BCCA9403D2}.Debug|x64.ActiveCfg = Debug|x64
		{3F88C612-BB80-4458-AA32-74BCCA9403D2}.Debug|x64.Build.0 = Debug|x64
		{3F88C612-BB80-4458-AA32-74BCCA9403D2}.Release|Win32.ActiveCfg = Release|Win32
		{3F88C612-BB80-4458-AA32-74BCCA9403D2}.Release|Win32.Build.0 = Release|Win32
		{3F88C612-BB80-4458-AA32-74BCCA9403D2}.Release|x64.ActiveCfg = Release|x64
		{3F88C612-BB80-4458-AA32-74BCCA9403D2}.Release|x64.Build.0 = Release|x64
		{BA319216-7AC0-498E-80F7-3A43BCFA6721}.Debug|Win32.ActiveCfg = Debug|Win32
		{BA319216-7AC0-498E-80F7-3A43BCFA6721}.Debug|Win32.Build.0 = Debug|Win32
		{BA319216-7AC0-498E-80F7-3A43BCFA6721}.Debug|x64.ActiveCfg = Debug|x64
		{BA319216-7AC0-498E-80F7-3A43BCFA6721}.Debug|x64.Build.0 = Debug|x64
		{BA319216-7AC0-498E-80F7-3A43BCFA6721}.Release|Win32.ActiveCfg = Release|Win32
		{BA319216-7AC0-498E-80F7-3A43BCFA6721}.Release|Win32.Build.0 = Release|Win32
		{BA319216-7AC0-498E-80F7-3A43BCFA6721}.Release|x64.ActiveCfg = Release|Win32
		{F95D53FF-D145-403A-A9D6-7672EC35596D}.Debug|Win32.ActiveCfg = Debug|Win32
		{F95D53FF-D145-403A-A9D6-7672EC35596D}.Debug|Win32.Build.0 = Debug|Win32
		{F95D53FF-D145-403A-A9D6-7672EC35596D}.Debug|x64.ActiveCfg = Debug|x64
		{F95D53FF-D145-403A-A9D6-7672EC35596D}.Debug|x64.Build.0 = Debug|x64
		{F95D53FF-D145-403A-A9D6-7672EC35596D}.Release|Win32.ActiveCfg = Release|Win32
		{F95D53FF-D145-403A-A9D6-7672EC35596D}.Release|Win32.Build.0 = Release|Win32
		{F95D53FF-D145-403A-A9D6-7672EC35596D}.Release|x64.ActiveCfg = Release|x64
		{F95D53FF-D145-403A-A9D6-7672EC35596D}.Release|x64.Build.0 = Release|x64
		{493708D6-4311-46B3-A58C-ED3C6A0513E7}.Debug|Win32.ActiveCfg = Debug|Win32
		{493708D6-4311-46B3-A58C-ED3C6A0513E7}.Debug|Win32.Build.0 = Debug|Win32
		{493708D6-4311-46B3-A58C-ED3C6A0513E7}.Debug|x64.ActiveCfg = Debug|x64
		{493708D6-4311-46B3-A58C-ED3C6A0513E7}.Debug|x64.Build.0 = Debug|x64
		{493708D6-4311-46B3-A58C-ED3C6A0513E7}.Release|Win32.ActiveCfg = Release|Win32
		{493708D6-4311-46B3-A58C-ED3C6A0513E7}.Release|Win32.Build.0 = Release|Win32
		{493708D6-4311-46B3-A58C-ED3C6A0513E7}.Release|x64.ActiveCfg = Release|x64
		{493708D6-4311-46B3-A58C-ED3C6A0513E7}.Release|x64.Build.0 = Release|x64
		{22F3C1D1-9087-49D3-88CD-62A91AD3E544}.Debug|Win32.ActiveCfg = Debug|Win32
		{22F3C1D1-9087-49D3-88CD-62A91AD3E544}.Debug|Win32.Build.0 = Debug|Win32
		{22F3C1D1-9087-49D3-88CD-62A91AD3E544}.Debug|x64.ActiveCfg = Debug|x64
		{22F3C1D1-9087-49D3-88CD-62A91AD3E544}.Debug|x64.Build.0 = Debug|x64
		{22F3C1D1-9087-49D3-88CD-62A91AD3E544}.Release|Win32.ActiveCfg = Release|Win32
		{22F3C1D1-9087-49D3-88CD-62A91AD3E544}.Release|Win32.Build.0 = Release|Win32
		{22F3C1D1-9087-49D3-88CD-62A91AD3E544}.Release|x64.ActiveCfg = Release|x64
		{22F3C1D1-9087-49D3-88CD-62A91AD3E544}.Release|x64.Build.0 = Release|x64
		{53C563E5-05A5-4CCE-B332-9A68E371CD61}.Debug|Win32.ActiveCfg = Debug|Win32
		{53C563E5-05A5-4CCE-B332-9A68E371CD61}.Debug|Win32.Build.0 = Debug|Win32
		{53C563E5-05A5-4CCE-B332-9A68E371CD61}.Debug|x64.ActiveCfg = Debug|x64
		{53C563E5-05A5-4CCE-B332-9A68E371CD61}.Debug|x64.Build.0 = Debug|x64
		{53C563E5-05A5-4CCE-B332-9A68E371CD61}.Release|Win32.ActiveCfg = Release|Win32
		{53C563E5-05A5-4CCE-B332-9A68E371CD61}.Release|Win32.Build.0 = Release|Win32
		{53C563E5-05A5-4CCE-B332-9A68E371CD61}.Release|x64.ActiveCfg = Release|x64
		{53C563E5-05A5-4CCE-B332-9A68E371CD61}.Release|x64.Build.0 = Release|x64
		{1A919782-3A67-4644-A37C-9A2275365CAB}.Debug|Win32.ActiveCfg = Debug|Win32
		{1A919782-3A67-4644-A37C-9A2275365CAB}.Debug|Win32.Build.0 = Debug|Win32
		{1A919782-3A67-4644-A37C-9A2275365CAB}.Debug|x64.ActiveCfg = Debug|x64
		{1A919782-3A67-4644-A37C-9A2275365CAB}.Debug|x64.Build.0 = Debug|x64
		{1A919782-3A67-4644-A37C-9A2275365CAB}.Release|Win32.ActiveCfg = Release|Win32
		{1A919782-3A67-4644-A37C-9A2275365CAB}.Release|Win32.Build.0 = Release|Win32
		{1A919782-3A67-4644-A37C-9A2275365CAB}.Release|x64.ActiveCfg = Release|x64
		{1A919782-3A67-4644-A37C-9A2275365CAB}.Release|x64.Build.0 = Release|x64
		{D282E31E-05C4-458F-BEE2-E4761494D43E}.Debug|Win32.ActiveCfg = Debug|Win32
		{D282E31E-05C4-458F-BEE2-E4761494D43E}.Debug|Win32.Build.0 = Debug|Win32
		{D282E31E-05C4-458F-BEE2-E4761494D43E}.Debug|x64.ActiveCfg = Debug|x64
		{D282E31E-05C4-458F-BEE2-E4761494D43E}.Debug|x64.Build.0 = Debug|x64
		{D282E31E-05C4-458F-BEE2-E4761494D43E}.Release|Win32.ActiveCfg = Release|Win32
		{D282E31E-05C4-458F-BEE2-E4761494D43E}.Release|Win32.Build.0 = Release|Win32
		{D282E31E-05C4-458F-BEE2-E4761494D43E}.Release|x64.ActiveCfg = Release|Win32
		{CF778649-2B27-4BF0-8A61-FB54A4C9B554}.Debug|Win32.ActiveCfg = Debug|Win32
		{CF778649-2B27-4BF0-8A61-FB54A4C9B554}.Debug|Win32.Build.0 = Debug|Win32
		{CF778649-2B27-4BF0-8A61-FB54A4C9B554}.Debug|x64.ActiveCfg = Debug|x64
		{CF778649-2B27-4BF0-8A61-FB54A4C9B554}.Debug|x64.Build.0 = Debug|x64
		{CF778649-2B27-4BF0-8A61-FB54A4C9B554}.Release|Win32.ActiveCfg = Release|Win32
		{CF778649-2B27-4BF0-8A61-FB54A4C9B554}.Release|Win32.Build.0 = Release|Win32
		{CF778649-2B27-4BF0-8A61-FB54A4C9B554}.Release|x64.ActiveCfg = Release|Win32
		{B486EB91-87AE-4A5C-8DA9-96919BDE7614}.Debug|Win32.ActiveCfg = Debug|Win32
		{B486EB91-87AE-4A5C-8DA9-96919BDE7614}.Debug|Win32.Build.0 = Debug|Win32
		{B486EB91-87AE-4A5C-8DA9-96919BDE7614}.Debug|x64.ActiveCfg = Debug|x64
		{B486EB91-87AE-4A5C-8DA9-96919BDE7614}.Debug|x64.Build.0 = Debug|x64
		{B486EB91-87AE-4A5C-8DA9-96919BDE7614}.Release|Win32.ActiveCfg = Release|Win32
		{B486EB91-87AE-4A5C-8DA9-96919BDE7614}.Release|Win32.Build.0 = Release|Win32
		{B486EB91-87AE-4A5C-8DA9-96919BDE7614}.Release|x64.ActiveCfg = Release|x64
		{B486EB91-87AE-4A5C-8DA9-96919BDE7614}.Release|x64.Build.0 = Release|x64
		{684DAF7C-DB61-4E62-BBDF-F17ED35B41BD}.Debug|Win32.ActiveCfg = Debug|Win32
		{684DAF7C-DB61-4E62-BBDF-F17ED35B41BD}.Debug|Win32.Build.0 = Debug|Win32
		{684DAF7C-DB61-4E62-BBDF-F17ED35B41BD}.Debug|x64.ActiveCfg = Debug|x64
		{684DAF7C-DB61-4E62-BBDF-F17ED35B41BD}.Debug|x64.Build.0 = Debug|x64
		{684DAF7C-DB61-4E62-BBDF-F17ED35B41BD}.Release|Win32.ActiveCfg = Release|Win32
		{684DAF7C-DB61-4E62-BBDF-F17ED35B41BD}.Release|Win32.Build.0 = Release|Win32
		{684DAF7C-DB61-4E62-BBDF-F17ED35B41BD}.Release|x64.ActiveCfg = Release|x64
		{684DAF7C-DB61-4E62-BBDF-F17ED35B41BD}.Release|x64.Build.0 = Release|x64
		{F1E03BB7-5109-415C-805F-379FA88FB90E}.Debug|Win32.ActiveCfg = Debug|Win32
		{F1E03BB7-5109-415C-805F-379FA88FB90E}.Debug|Win32.Build.0 = Debug|Win32
		{F1E03BB7-5109-415C-805F-379FA88FB90E}.Debug|x64.ActiveCfg = Debug|x64
		{F1E03BB7-5109-415C-805F-379FA88FB90E}.Debug|x64.Build.0 = Debug|x64
		{F1E03BB7-5109-415C-805F-379FA88FB90E}.Release|Win32.ActiveCfg = Release|Win32
		{F1E03BB7-5109-415C-805F-379FA88FB90E}.Release|Win32.Build.0 = Release|Win32
		{F1E03BB7-5109-415C-805F-379FA88FB90E}.Release|x64.ActiveCfg = Release|x64
		{F1E03BB7-5109-415C-805F-379FA88FB90E}.Release|x64.Build.0 = Release|x64
		{18208AF1-5B52-45DC-BA37-B0CD3CDD216B}.Debug|Win32.ActiveCfg = Debug|Win32
		{18208AF1-5B52-45DC-BA37-B0CD3CDD216B}.Debug|Win32.Build.0 = Debug|Win32
		{18208AF1-5B52-45DC-BA37-B0CD3CDD216B}.Debug|x64.ActiveCfg = Debug|x64
		{18208AF1-5B52-45DC-BA37-B0CD3CDD216B}.Debug|x64.Build.0 = Debug|x64
		{18208AF1-5B52-45DC-BA37-B0CD3CDD216B}.Release|Win32.ActiveCfg = Release|Win32
		{18208AF1-5B52-45DC-BA37-B0CD3CDD216B}.Release|Win32.Build.0 = Release|Win32
		{18208AF1-5B52-45DC-BA37-B0CD3CDD216B}.Release|x64.ActiveCfg = Release|Win32
		{95F4E9A6-9B61-4017-9BDF-75BF15312DF9}.Debug|Win32.ActiveCfg = Debug|Win32
		{95F4E9A6-9B61-4017-9BDF-75BF15312DF9}.Debug|Win32.Build.0 = Debug|Win32
		{95F4E9A6-9B61-4017-9BDF-75BF15312DF9}.Debug|x64.ActiveCfg = Debug|x64
		{95F4E9A6-9B61-4017-9BDF-75BF15312DF9}.Debug|x64.Build.0 = Debug|x64
		{95F4E9A6-9B61-4017-9BDF-75BF15312DF9}.Release|Win32.ActiveCfg = Release|Win32
		{95F4E9A6-9B61-4017-9BDF-75BF15312DF9}.Release|Win32.Build.0 = Release|Win32
		{95F4E9A6-9B61-4017-9BDF-75BF15312DF9}.Release|x64.ActiveCfg = Release|x64
		{95F4E9A6-9B61-4017-9BDF-75BF15312DF9}.Release|x64.Build.0 = Release|x64
		{B66C24E2-B8E4-4E6A-974C-696A1C37886E}.Debug|Win32.ActiveCfg = Debug|Win32
		{B66C24E2-B8E4-4E6A-974C-696A1C37886E}.Debug|Win32.Build.0 = Debug|Win32
		{B66C24E2-B8E4-4E6A-974C-696A1C37886E}.Debug|x64.ActiveCfg = Debug|x64
		{B66C24E2-B8E4-4E6A-974C-696A1C37886E}.Debug|x64.Build.0 = Debug|x64
		{B66C24E2-B8E4-4E6A-974C-696A1C37886E}.Release|Win32.ActiveCfg = Release|Win32
		{B66C24E2-B8E4-4E6A-974C-696A1C37886E}.Release|Win32.Build.0 = Release|Win32
		{B66C24E2-B8E4-4E6A-974C-696A1C37886E}.Release|x64.ActiveCfg = Release|x64
		{B66C24E2-B8E4-4E6A-974C-696A1C37886E}.Release|x64.Build.0 = Release|x64
		{1FD18ADC-F590-4714-A01B-44CB173E77D4}.Debug|Win32.ActiveCfg = Debug|Win32
		{1FD18ADC-F590-4714-A01B-44CB173E77D4}.Debug|Win32.Build.0 = Debug|Win32
		{1FD18ADC-F590-4714-A01B-44CB173E77D4}.Debug|x64.ActiveCfg = Debug|x64
		{1FD18ADC-F590-4714-A01B-44CB173E77D4}.Debug|x64.Build.0 = Debug|x64
		{1FD18ADC-F590-4714-A01B-44CB173E77D4}.Release|Win32.ActiveCfg = Release|Win32
		{1FD18ADC-F590-4714-A01B-44CB173E77D4}.Release|Win32.Build.0 = Release|Win32
		{1FD18ADC-F590-4714-A01B-44CB173E77D4}.Release|x64.ActiveCfg = Release|x64
		{1FD18ADC-F590-4714-A01B-44CB173E77D4}.Release|x64.Build.0 = Release|x64
		{ECFC35DF-E414-4CF3-84F4-81749657D8F5}.Debug|Win32.ActiveCfg = Debug|Win32
		{ECFC35DF-E414-4CF3-84F4-81749657D8F5}.Debug|Win32.Build.0 = Debug|Win32
		{ECFC35DF-E414-4CF3-84F4-81749657D8F5}.Debug|x64.ActiveCfg = Debug|x64
		{ECFC35DF-E414-4CF3-84F4-81749657D8F5}.Debug|x64.Build.0 = Debug|x64
		{ECFC35DF-E414-4CF3-84F4-81749657D8F5}.Release|Win32.ActiveCfg = Release|Win32
		{ECFC35DF-E414-4CF3-84F4-81749657D8F5}.Release|Win32.Build.0 = Release|Win32
		{ECFC35DF-E414-4CF3-84F4-81749657D8F5}.Release|x64.ActiveCfg = Release|x64
		{ECFC35DF-E414-4CF3-84F4-81749657D8F5}.Release|x64.Build.0 = Release|x64
		{815DA8C2-34FA-4AE8-90D7-1253183C4F01}.Debug|Win32.ActiveCfg = Debug|Win32
		{815DA8C2-34FA-4AE8-90D7-1253183C4F01}.Debug|Win32.Build.0 = Debug|Win32
		{815DA8C2-34FA-4AE8-90D7-1253183C4F01}.Debug|x64.ActiveCfg = Debug|x64
		{815DA8C2-34FA-4AE8-90D7-1253183C4F01}.Debug|x64.Build.0 = Debug|x64
		{815DA8C2-34FA-4AE8-90D7-1253183C4F01}.Release|Win32.ActiveCfg = Release|Win32
		{815DA8C2-34FA-4AE8-90D7-1253183C4F01}.Release|Win32.Build.0 = Release|Win32
		{815DA8C2-34FA-4AE8-90D7-1253183C4F01}.Release|x64.ActiveCfg = Release|x64
		{815DA8C2-34FA-4AE8-90D7-1253183C4F01}.Release|x64.Build.0 = Release|x64
		{C1C0D366-24C3-429A-944F-E057971A4D2B}.Debug|Win32.ActiveCfg = Debug|Win32
		{C1C0D366-24C3-429A-944F-E057971A4D2B}.Debug|Win32.Build.0 = Debug|Win32
		{C1C0D366-24C3-429A-944F-E057971A4D2B}.Debug|x64.ActiveCfg = Debug|x64
		{C1C0D366-24C3-429A-944F-E057971A4D2B}.Debug|x64.Build.0 = Debug|x64
		{C1C0D366-24C3-429A-944F-E057971A4D2B}.Release|Win32.ActiveCfg = Release|Win32
		{C1C0D366-24C3-429A-944F-E057971A4D2B}.Release|Win32.Build.0 = Release|Win32
		{C1C0D366-24C3-429A-944F-E057971A4D2B}.Release|x64.ActiveCfg = Release|x64
		{C1C0D366-24C3-429A-944F-E057971A4D2B}.Release|x64.Build.0 = Release|x64
		{D17DD4D0-7F58-4D8D-8E5D-E47434A50C5D}.Debug|Win32.ActiveCfg = Debug|Win32
		{D17DD4D0-7F58-4D8D-8E5D-E47434A50C5D}.Debug|Win32.Build.0 = Debug|Win32
		{D17DD4D0-7F58-4D8D-8E5D-E47434A50C5D}.Debug|x64.ActiveCfg = Debug|x64
		{D17DD4D0-7F58-4D8D-8E5D-E47434A50C5D}.Debug|x64.Build.0 = Debug|x64
		{D17DD4D0-7F58-4D8D-8E5D-E47434A50C5D}.Release|Win32.ActiveCfg = Release|Win32
		{D17DD4D0-7F58-4D8D-8E5D-E47434A50C5D}.Release|Win32.Build.0 = Release|Win32
		{D17DD4D0-7F58-4D8D-8E5D-E47434A50C5D}.Release|x64.ActiveCfg = Release|x64
		{D17DD4D0-7F58-4D8D-8E5D-E47434A50C5D}.Release|x64.Build.0 = Release|x64
		{9868B1DA-EE14-4A6A-BA5A-BA7BD48DC9BE}.Debug|Win32.ActiveCfg = Debug|Win32
		{9868B1DA-EE14-4A6A-BA5A-BA7BD48DC9BE}.Debug|Win32.Build.0 = Debug|Win32
		{9868B1DA-EE14-4A6A-BA5A-BA7BD48DC9BE}.Debug|x64.ActiveCfg = Debug|x64
		{9868B1DA-EE14-4A6A-BA5A-BA7BD48DC9BE}.Debug|x64.Build.0 = Debug|x64
		{9868B1DA-EE14-4A6A-BA5A-BA7BD48DC9BE}.Release|Win32.ActiveCfg = Release|Win32
		{9868B1DA-EE14-4A6A-BA5A-BA7BD48DC9BE}.Release|Win32.Build.0 = Release|Win32
		{9868B1DA-EE14-4A6A-BA5A-BA7BD48DC9BE}.Release|x64.ActiveCfg = Release|x64
		{9868B1DA-EE14-4A6A-BA5A-BA7BD48DC9BE}.Release|x64.Build.0 = Release|x64
		{4B0499FA-2E64-4765-B79E-F8A5C283E372}.Debug|Win32.ActiveCfg = Debug|Win32
		{4B0499FA-2E64-4765-B79E-F8A5C283E372}.Debug|Win32.Build.0 = Debug|Win32
		{4B0499FA-2E64-4765-B79E-F8A5C283E372}.Debug|x64.ActiveCfg = Debug|x64
		{4B0499FA-2E64-4765-B79E-F8A5C283E372}.Debug|x64.Build.0 = Debug|x64
		{4B0499FA-2E64-4765-B79E-F8A5C283E372}.Release|Win32.ActiveCfg = Release|Win32
		{4B0499FA-2E64-4765-B79E-F8A5C283E372}.Release|Win32.Build.0 = Release|Win32
		{4B0499FA-2E64-4765-B79E-F8A5C283E372}.Release|x64.ActiveCfg = Release|x64
		{4B0499FA-2E64-4765-B79E-F8A5C283E372}.Release|x64.Build.0 = Release|x64
		{2B0C9CBB-13FC-42EA-844D-88CE3E4BE303}.Debug|Win32.ActiveCfg = Debug|Win32
		{2B0C9CBB-13FC-42EA-844D-88CE3E4BE303}.Debug|Win32.Build.0 = Debug|Win32
		{2B0C9CBB-13FC-42EA-844D-88CE3E4BE303}.Debug|x64.ActiveCfg = Debug|x64
		{2B0C9CBB-13FC-42EA-844D-88CE3E4BE303}.Debug|x64.Build.0 = Debug|x64
		{2B0C9CBB-13FC-42EA-844D-88CE3E4BE303}.Release|Win32.ActiveCfg = Release|Win32
		{2B0C9CBB-13FC-42EA-844D-88CE3E4BE303}.Release|Win32.Build.0 = Release|Win32
		{2B0C9CBB-13FC-42EA-844D-88CE3E4BE303}.Release|x64.ActiveCfg = Release|x64
		{2B0C9CBB-13FC-42EA-844D-88CE3E4BE303}.Release|x64.Build.0 = Release|x64
		{A63C8858-4C68-4871-A624-8F01E763265A}.Debug|Win32.ActiveCfg = Debug|Win32
		{A63C8858-4C68-4871-A624-8F01E763265A}.Debug|Win32.Build.0 = Debug|Win32
		{A63C8858-4C68-4871-A624-8F01E763265A}.Debug|x64.ActiveCfg = Debug|x64
		{A63C8858-4C68-4871-A624-8F01E763265A}.Debug|x64.Build.0 = Debug|x64
		{A63C8858-4C68-4871-A624-8F01E763265A}.Release|Win32.ActiveCfg = Release|Win32
		{A63C8858-4C68-4871-A624-8F01E763265A}.Release|Win32.Build.0 = Release|Win32
		{A63C8858-4C68-4871-A624-8F01E763265A}.Release|x64.ActiveCfg = Release|x64
		{A63C8858-4C68-4871-A624-8F01E763265A}.Release|x64.Build.0 = Release|x64
		{25CE1149-5E11-4DF1-8FAF-93EC47CBB000}.Debug|Win32.ActiveCfg = Debug|Win32
		{25CE1149-5E11-4DF1-8FAF-93EC47CBB000}.Debug|Win32.Build.0 = Debug|Win32
		{25CE1149-5E11-4DF1-8FAF-93EC47CBB000}.Debug|x64.ActiveCfg = Debug|x64
		{25CE1149-5E11-4DF1-8FAF-93EC47CBB000}.Debug|x64.Build.0 = Debug|x64
		{25CE1149-5E11-4DF1-8FAF-93EC47CBB000}.Release|Win32.ActiveCfg = Release|Win32
		{25CE1149-5E11-4DF1-8FAF-93EC47CBB000}.Release|Win32.Build.0 = Release|Win32
		{25CE1149-5E11-4DF1-8FAF-93EC47CBB000}.Release|x64.ActiveCfg = Release|x64
		{25CE1149-5E11-4DF1-8FAF-93EC47CBB000}.Release|x64.Build.0 = Release|x64
		{51720752-D947-498E-B025-17D0788C887A}.Debug|Win32.ActiveCfg = Debug|Win32
		{51720752-D947-498E-B025-17D0788C887A}.Debug|Win32.Build.0 = Debug|Win32
		{51720752-D947-498E-B025-17D0788C887A}.Debug|x64.ActiveCfg = Debug|x64
		{51720752-D947-498E-B025-17D0788C887A}.Debug|x64.Build.0 = Debug|x64
		{51720752-D947-498E-B025-17D0788C887A}.Release|Win32.ActiveCfg = Release|Win32
		{51720752-D947-498E-B025-17D0788C887A}.Release|Win32.Build.0 = Release|Win32
		{51720752-D947-498E-B025-17D0788C887A}.Release|x64.ActiveCfg = Release|x64
		{51720752-D947-498E-B025-17D0788C887A}.Release|x64.Build.0 = Release|x64
		{5955A02D-128D-4F13-9261-C891AEC71E05}.Debug|Win32.ActiveCfg = Debug|Win32
		{5955A02D-128D-4F13-9261-C891AEC71E05}.Debug|Win32.Build.0 = Debug|Win32
		{5955A02D-128D-4F13-9261-C891AEC71E05}.Debug|x64.ActiveCfg = Debug|x64
		{5955A02D-128D-4F13-9261-C891AEC71E05}.Debug|x64.Build.0 = Debug|x64
		{5955A02D-128D-4F13-9261-C891AEC71E05}.Release|Win32.ActiveCfg = Release|Win32
		{5955A02D-128D-4F13-9261-C891AEC71E05}.Release|Win32.Build.0 = Release|Win32
		{5955A02D-128D-4F13-9261-C891AEC71E05}.Release|x64.ActiveCfg = Release|x64
		{5955A02D-128D-4F13-9261-C891AEC71E05}.Release|x64.Build.0 = Release|x64
		{21E996FE-0298-420B-9F03-F57DBFAE956F}.Debug|Win32.ActiveCfg = Debug|Win32
		{21E996FE-0298-420B-9F03-F57DBFAE956F}.Debug|Win32.Build.0 = Debug|Win32
		{21E996FE-0298-420B-9F03-F57DBFAE956F}.Debug|x64.ActiveCfg = Debug|x64
		{21E996FE-0298-420B-9F03-F57DBFAE956F}.Debug|x64.Build.0 = Debug|x64
		{21E996FE-0298-420B-9F03-F57DBFAE956F}.Release|Win32.ActiveCfg = Release|Win32
		{21E996FE-0298-420B-9F03-F57DBFAE956F}.Release|Win32.Build.0 = Release|Win32
		{21E996FE-0298-420B-9F03-F57DBFAE956F}.Release|x64.ActiveCfg = Release|x64
		{21E996FE-0298-420B-9F03-F57DBFAE956F}.Release|x64.Build.0 = Release|x64
		{C0FD916F-F4C5-457D-9028-8CFEBC702A83}.Debug|Win32.ActiveCfg = Debug|Win32
		{C0FD916F-F4C5-457D-9028-8CFEBC702A83}.Debug|Win32.Build.0 = Debug|Win32
		{C0FD916F-F4C5-457D-9028-8CFEBC702A83}.Debug|x64.ActiveCfg = Debug|x64
		{C0FD916F-F4C5-457D-9028-8CFEBC702A83}.Debug|x64.Build.0 = Debug|x64
		{C0FD916F-F4C5-457D-9028-8CFEBC702A83}.Release|Win32.ActiveCfg = Release|Win32
		{C0FD916F-F4C5-457D-9028-8CFEBC702A83}.Release|Win32.Build.0 = Release|Win32
		{C0FD916F-F4C5-457D-9028-8CFEBC702A83}.Release|x64.ActiveCfg = Release|x64
		{C0FD916F-F4C5-457D-9028-8CFEBC702A83}.Release|x64.Build.0 = Release|x64
		{04FA827B-2ADF-4E0A-A90D-727B246B4E0B}.Debug|Win32.ActiveCfg = Debug|Win32
		{04FA827B-2ADF-4E0A-A90D-727B246B4E0B}.Debug|Win32.Build.0 = Debug|Win32
		{04FA827B-2ADF-4E0A-A90D-727B246B4E0B}.Debug|x64.ActiveCfg = Debug|x64
		{04FA827B-2ADF-4E0A-A90D-727B246B4E0B}.Debug|x64.Build.0 = Debug|x64
		{04FA827B-2ADF-4E0A-A90D-727B246B4E0B}.Release|Win32.ActiveCfg = Release|Win32
		{04FA827B-2ADF-4E0A-A90D-727B246B4E0B}.Release|Win32.Build.0 = Release|Win32
		{04FA827B-2ADF-4E0A-A90D-727B246B4E0B}.Release|x64.ActiveCfg = Release|x64
		{04FA827B-2ADF-4E0A-A90D-727B246B4E0B}.Release|x64.Build.0 = Release|x64
		{6E70B3D7-3566-4AFF-9B40-CFE33B63AD6F}.Debug|Win32.ActiveCfg = Debug|Win32
		{6E70B3D7-3566-4AFF-9B40-CFE33B63AD6F}.Debug|Win32.Build.0 = Debug|Win32
		{6E70B3D7-3566-4AFF-9B40-CFE33B63AD6F}.Debug|x64.ActiveCfg = Debug|x64
		{6E70B3D7-3566-4AFF-9B40-CFE33B63AD6F}.Debug|x64.Build.0 = Debug|x64
		{6E70B3D7-3566-4AFF-9B40-CFE33B63AD6F}.Release|Win32.ActiveCfg = Release|Win32
		{6E70B3D7-3566-4AFF-9B40-CFE33B63AD6F}.Release|Win32.Build.0 = Release|Win32
		{6E70B3D7-3566-4AFF-9B40-CFE33B63AD6F}.Release|x64.ActiveCfg = Release|x64
		{6E70B3D7-3566-4AFF-9B40-CFE33B63AD6F}.Release|x64.Build.0 = Release|x64
		{2B5BFE8E-888C-47BB-9A51-F30AEEC73614}.Debug|Win32.ActiveCfg = Debug|Win32
		{2B5BFE8E-888C-47BB-9A51-F30AEEC73614}.Debug|Win32.Build.0 = Debug|Win32
		{2B5BFE8E-888C-47BB-9A51-F30AEEC73614}.Debug|x64.ActiveCfg = Debug|x64
		{2B5BFE8E-888C-47BB-9A51-F30AEEC73614}.Debug|x64.Build.0 = Debug|x64
		{2B5BFE8E-888C-47BB-9A51-F30AEEC73614}.Release|Win32.ActiveCfg = Release|Win32
		{2B5BFE8E-888C-47BB-9A51-F30AEEC73614}.Release|Win32.Build.0 = Release|Win32
		{2B5BFE8E-888C-47BB-9A51-F30AEEC73614}.Release|x64.ActiveCfg = Release|Win32
		{F76F7697-13A4-43A2-8AFD-4A748F3BB4EC}.Debug|Win32.ActiveCfg = Debug|Win32
		{F76F7697-13A4-43A2-8AFD-4A748F3BB4EC}.Debug|Win32.Build.0 = Debug|Win32
		{F76F7697-13A4-43A2-8AFD-4A748F3BB4EC}.Debug|x64.ActiveCfg = Debug|x64
		{F76F7697-13A4-43A2-8AFD-4A748F3BB4EC}.Debug|x64.Build.0 = Debug|x64
		{F76F7697-13A4-43A2-8AFD-4A748F3BB4EC}.Release|Win32.ActiveCfg = Release|Win32
		{F76F7697-13A4-43A2-8AFD-4A748F3BB4EC}.Release|Win32.Build.0 = Release|Win32
		{F76F7697-13A4-43A2-8AFD-4A748F3BB4EC}.Release|x64.ActiveCfg = Release|x64
		{F76F7697-13A4-43A2-8AFD-4A748F3BB4EC}.Release|x64.Build.0 = Release|x64
		{CE3D1B9D-7F87-4780-848C-82D4E18FAD35}.Debug|Win32.ActiveCfg = Debug|Win32
		{CE3D1B9D-7F87-4780-848C-82D4E18FAD35}.Debug|Win32.Build.0 = Debug|Win32
		{CE3D1B9D-7F87-4780-848C-82D4E18FAD35}.Debug|x64.ActiveCfg = Debug|x64
		{CE3D1B9D-7F87-4780-848C-82D4E18FAD35}.Debug|x64.Build.0 = Debug|x64
		{CE3D1B9D-7F87-4780-848C-82D4E18FAD35}.Release|Win32.ActiveCfg = Release|Win32
		{CE3D1B9D-7F87-4780-848C-82D4E18FAD35}.Release|Win32.Build.0 = Release|Win32
		{CE3D1B9D-7F87-4780-848C-82D4E18FAD35}.Release|x64.ActiveCfg = Release|x64
		{CE3D1B9D-7F87-4780-848C-82D4E18FAD35}.Release|x64.Build.0 = Release|x64
		{B47FA930-675C-4077-9350-734F7492AB5A}.Debug|Win32.ActiveCfg = Debug|Win32
		{B47FA930-675C-4077-9350-734F7492AB5A}.Debug|Win32.Build.0 = Debug|Win32
		{B47FA930-675C-4077-9350-734F7492AB5A}.Debug|x64.ActiveCfg = Debug|x64
		{B47FA930-675C-4077-9350-734F7492AB5A}.Debug|x64.Build.0 = Debug|x64
		{B47FA930-675C-4077-9350-734F7492AB5A}.Release|Win32.ActiveCfg = Release|Win32
		{B47FA930-675C-4077-9350-734F7492AB5A}.Release|Win32.Build.0 = Release|Win32
		{B47FA930-675C-4077-9350-734F7492AB5A}.Release|x64.ActiveCfg = Release|x64
		{B47FA930-675C-4077-9350-734F7492AB5A}.Release|x64.Build.0 = Release|x64
		{D7F1A1DF-30EC-4197-9F70-E079310AB5A2}.Debug|Win32.ActiveCfg = Debug|Win32
		{D7F1A1DF-30EC-4197-9F70-E079310AB5A2}.Debug|Win32.Build.0 = Debug|Win32
		{D7F1A1DF-30EC-4197-9F70-E079310AB5A2}.Debug|x64.ActiveCfg = Debug|x64
		{D7F1A1DF-30EC-4197-9F70-E079310AB5A2}.Debug|x64.Build.0 = Debug|x64
		{D7F1A1DF-30EC-4197-9F70-E079310AB5A2}.Release|Win32.ActiveCfg = Release|Win32
		{D7F1A1DF-30EC-4197-9F70-E079310AB5A2}.Release|Win32.Build.0 = Release|Win32
		{D7F1A1DF-30EC-4197-9F70-E079310AB5A2}.Release|x64.ActiveCfg = Release|x64
		{D7F1A1DF-30EC-4197-9F70-E079310AB5A2}.Release|x64.Build.0 = Release|x64
		{9B656569-1B48-4154-99A7-2BC32FED354C}.Debug|Win32.ActiveCfg = Debug|Win32
		{9B656569-1B48-4154-99A7-2BC32FED354C}.Debug|Win32.Build.0 = Debug|Win32
		{9B656569-1B48-4154-99A7-2BC32FED354C}.Debug|x64.ActiveCfg = Debug|x64
		{9B656569-1B48-4154-99A7-2BC32FED354C}.Debug|x64.Build.0 = Debug|x64
		{9B656569-1B48-4154-99A7-2BC32FED354C}.Release|Win32.ActiveCfg = Release|Win32
		{9B656569-1B48-4154-99A7-2BC32FED354C}.Release|Win32.Build.0 = Release|Win32
		{9B656569-1B48-4154-99A7-2BC32FED354C}.Release|x64.ActiveCfg = Release|x64
		{9B656569-1B48-4154-99A7-2BC32FED354C}.Release|x64.Build.0 = Release|x64
		{33439687-0064-443A-924B-A0E6467C4972}.Debug|Win32.ActiveCfg = Debug|Win32
		{33439687-0064-443A-924B-A0E6467C4972}.Debug|Win32.Build.0 = Debug|Win32
		{33439687-0064-443A-924B-A0E6467C4972}.Debug|x64.ActiveCfg = Debug|x64
		{33439687-0064-443A-924B-A0E6467C4972}.Debug|x64.Build.0 = Debug|x64
		{33439687-0064-443A-924B-A0E6467C4972}.Release|Win32.ActiveCfg = Release|Win32
		{33439687-0064-443A-924B-A0E6467C4972}.Release|Win32.Build.0 = Release|Win32
		{33439687-0064-443A-924B-A0E6467C4972}.Release|x64.ActiveCfg = Release|x64
		{33439687-0064-443A-924B-A0E6467C4972}.Release|x64.Build.0 = Release|x64
		{08A268A7-AB6A-446F-9876-48956BC615C2}.Debug|Win32.ActiveCfg = Debug|Win32
		{08A268A7-AB6A-446F-9876-48956BC615C2}.Debug|Win32.Build.0 = Debug|Win32
		{08A268A7-AB6A-446F-9876-48956BC615C2}.Debug|x64.ActiveCfg = Debug|x64
		{08A268A7-AB6A-446F-9876-48956BC615C2}.Debug|x64.Build.0 = Debug|x64
		{08A268A7-AB6A-446F-9876-48956BC615C2}.Release|Win32.ActiveCfg = Release|Win32
		{08A268A7-AB6A-446F-9876-48956BC615C2}.Release|Win32.Build.0 = Release|Win32
		{08A268A7-AB6A-446F-9876-48956BC615C2}.Release|x64.ActiveCfg = Release|x64
		{08A268A7-AB6A-446F-9876-48956BC615C2}.Release|x64.Build.0 = Release|x64
		{B9AF74FE-477F-4907-ABE1-DC37E6D1F7D4}.Debug|Win32.ActiveCfg = Debug|Win32
		{B9AF74FE-477F-4907-ABE1-DC37E6D1F7D4}.Debug|Win32.Build.0 = Debug|Win32
		{B9AF74FE-477F-4907-ABE1-DC37E6D1F7D4}.Debug|x64.ActiveCfg = Debug|x64
		{B9AF74FE-477F-4907-ABE1-DC37E6D1F7D4}.Debug|x64.Build.0 = Debug|x64
		{B9AF74FE-477F-4907-ABE1-DC37E6D1F7D4}.Release|Win32.ActiveCfg = Release|Win32
		{B9AF74FE-477F-4907-ABE1-DC37E6D1F7D4}.Release|Win32.Build.0 = Release|Win32
		{B9AF74FE-477F-4907-ABE1-DC37E6D1F7D4}.Release|x64.ActiveCfg = Release|x64
		{B9AF74FE-477F-4907-ABE1-DC37E6D1F7D4}.Release|x64.Build.0 = Release|x64
		{C45B1627-A03E-4CF1-A76D-CD1DBB4B7E83}.Debug|Win32.ActiveCfg = Debug|Win32
		{C45B1627-A03E-4CF1-A76D-CD1DBB4B7E83}.Debug|Win32.Build.0 = Debug|Win32
		{C45B1627-A03E-4CF1-A76D-CD1DBB4B7E83}.Debug|x64.ActiveCfg = Debug|x64
		{C45B1627-A03E-4CF1-A76D-CD1DBB4B7E83}.Debug|x64.Build.0 = Debug|x64
		{C45B1627-A03E-4CF1-A76D-CD1DBB4B7E83}.Release|Win32.ActiveCfg = Release|Win32
		{C45B1627-A03E-4CF1-A76D-CD1DBB4B7E83}.Release|Win32.Build.0 = Release|Win32
		{C45B1627-A03E-4CF1-A76D-CD1DBB4B7E83}.Release|x64.ActiveCfg = Release|x64
		{C45B1627-A03E-4CF1-A76D-CD1DBB4B7E83}.Release|x64.Build.0 = Release|x64
		{3299103C-F24E-4157-86CB-F568B48CD6A1}.Debug|Win32.ActiveCfg = Debug|Win32
		{3299103C-F24E-4157-86CB-F568B48CD6A1}.Debug|Win32.Build.0 = Debug|Win32
		{3299103C-F24E-4157-86CB-F568B48CD6A1}.Debug|x64.ActiveCfg = Debug|x64
		{3299103C-F24E-4157-86CB-F568B48CD6A1}.Debug|x64.Build.0 = Debug|x64
		{3299103C-F24E-4157-86CB-F568B48CD6A1}.Release|Win32.ActiveCfg = Release|Win32
		{3299103C-F24E-4157-86CB-F568B48CD6A1}.Release|Win32.Build.0 = Release|Win32
		{3299103C-F24E-4157-86CB-F568B48CD6A1}.Release|x64.ActiveCfg = Release|x64
		{3299103C-F24E-4157-86CB-F568B48CD6A1}.Release|x64.Build.0 = Release|x64
		{565C7891-D45B-4F64-A974-484122FD1253}.Debug|Win32.ActiveCfg = Debug|Win32
		{565C7891-D45B-4F64-A974-484122FD1253}.Debug|Win32.Build.0 = Debug|Win32
		{565C7891-D45B-4F64-A974-484122FD1253}.Debug|x64.ActiveCfg = Debug|x64
		{565C7891-D45B-4F64-A974-484122FD1253}.Debug|x64.Build.0 = Debug|x64
		{565C7891-D45B-4F64-A974-484122FD1253}.Release|Win32.ActiveCfg = Release|Win32
		{565C7891-D45B-4F64-A974-484122FD1253}.Release|Win32.Build.0 = Release|Win32
		{565C7891-D45B-4F64-A974-484122FD1253}.Release|x64.ActiveCfg = Release|x64
		{565C7891-D45B-4F64-A974-484122FD1253}.Release|x64.Build.0 = Release|x64
		{F79A69FE-F6A3-4326-B492-A34574468179}.Debug|Win32.ActiveCfg = Debug|Win32
		{F79A69FE-F6A3-4326-B492-A34574468179}.Debug|Win32.Build.0 = Debug|Win32
		{F79A69FE-F6A3-4326-B492-A34574468179}.Debug|x64.ActiveCfg = Debug|x64
		{F79A69FE-F6A3-4326-B492-A34574468179}.Debug|x64.Build.0 = Debug|x64
		{F79A69FE-F6A3-4326-B492-A34574468179}.Release|Win32.ActiveCfg = Release|Win32
		{F79A69FE-F6A3-4326-B492-A34574468179}.Release|Win32.Build.0 = Release|Win32
		{F79A69FE-F6A3-4326-B492-A34574468179}.Release|x64.ActiveCfg = Release|x64
		{F79A69FE-F6A3-4326-B492-A34574468179}.Release|x64.Build.0 = Release|x64
		{4C1AB73D-202E-493D-93EC-ABD92D43D1F6}.Debug|Win32.ActiveCfg = Debug|Win32
		{4C1AB73D-202E-493D-93EC-ABD92D43D1F6}.Debug|Win32.Build.0 = Debug|Win32
		{4C1AB73D-202E-493D-93EC-ABD92D43D1F6}.Debug|x64.ActiveCfg = Debug|x64
		{4C1AB73D-202E-493D-93EC-ABD92D43D1F6}.Debug|x64.Build.0 = Debug|x64
		{4C1AB73D-202E-493D-93EC-ABD92D43D1F6}.Release|Win32.ActiveCfg = Release|Win32
		{4C1AB73D-202E-493D-93EC-ABD92D43D1F6}.Release|Win32.Build.0 = Release|Win32
		{4C1AB73D-202E-493D-93EC-ABD92D43D1F6}.Release|x64.ActiveCfg = Release|x64
		{4C1AB73D-202E-493D-93EC-ABD92D43D1F6}.Release|x64.Build.0 = Release|x64
		{8D721824-C5F4-49E2-955D-BF0D57B1D9A5}.Debug|Win32.ActiveCfg = Debug|Win32
		{8D721824-C5F4-49E2-955D-BF0D57B1D9A5}.Debug|Win32.Build.0 = Debug|Win32
		{8D721824-C5F4-49E2-955D-BF0D57B1D9A5}.Debug|x64.ActiveCfg = Debug|x64
		{8D721824-C5F4-49E2-955D-BF0D57B1D9A5}.Debug|x64.Build.0 = Debug|x64
		{8D721824-C5F4-49E2-955D-BF0D57B1D9A5}.Release|Win32.ActiveCfg = Release|Win32
		{8D721824-C5F4-49E2-955D-BF0D57B1D9A5}.Release|Win32.Build.0 = Release|Win32
		{8D721824-C5F4-49E2-955D-BF0D57B1D9A5}.Release|x64.ActiveCfg = Release|x64
		{8D721824-C5F4-49E2-955D-BF0D57B1D9A5}.Release|x64.Build.0 = Release|x64
		{10051E4C-1220-4AF4-9518-8415C674ED8F}.Debug|Win32.ActiveCfg = Debug|Win32
		{10051E4C-1220-4AF4-9518-8415C674ED8F}.Debug|Win32.Build.0 = Debug|Win32
		{10051E4C-1220-4AF4-9518-8415C674ED8F}.Debug|x64.ActiveCfg = Debug|x64
		{10051E4C-1220-4AF4-9518-8415C674ED8F}.Debug|x64.Build.0 = Debug|x64
		{10051E4C-1220-4AF4-9518-8415C674ED8F}.Release|Win32.ActiveCfg = Release|Win32
		{10051E4C-1220-4AF4-9518-8415C674ED8F}.Release|Win32.Build.0 = Release|Win32
		{10051E4C-1220-4AF4-9518-8415C674ED8F}.Release|x64.ActiveCfg = Release|x64
		{10051E4C-1220-4AF4-9518-8415C674ED8F}.Release|x64.Build.0 = Release|x64
	EndGlobalSection
	GlobalSection(SolutionProperties) = preSolution
		HideSolutionNode = FALSE
	EndGlobalSection
EndGlobal
