
Microsoft Visual Studio Solution File, Format Version 11.00
# Visual Studio 2010
Project("{8BC9CEB8-8B4A-11D0-8D11-00A0C91BC942}") = "BoCA", "BoCA\BoCA.vcxproj", "{94F50AB3-6ADB-4F2E-97C5-3FBBC7E30FA3}"
EndProject
Project("{8BC9CEB8-8B4A-11D0-8D11-00A0C91BC942}") = "BoCA Encoder LAME", "BoCA Encoder LAME\BoCA Encoder LAME.vcxproj", "{AB90B22B-C3A4-4DB3-B4F1-772A442E3EED}"
EndProject
Project("{8BC9CEB8-8B4A-11D0-8D11-00A0C91BC942}") = "BoCA Decoder Bonk", "BoCA Decoder Bonk\BoCA Decoder Bonk.vcxproj", "{4C453902-218A-49B7-9105-23BDB4F4B219}"
EndProject
Project("{8BC9CEB8-8B4A-11D0-8D11-00A0C91BC942}") = "BoCA Encoder Wave", "BoCA Encoder Wave\BoCA Encoder Wave.vcxproj", "{36A781A6-8F0E-4371-A2E5-F1F1534A0E38}"
EndProject
Project("{8BC9CEB8-8B4A-11D0-8D11-00A0C91BC942}") = "BoCA Decoder LAME", "BoCA Decoder LAME\BoCA Decoder LAME.vcxproj", "{D1938112-BD2F-4AA9-9497-8BEFF05F8E86}"
EndProject
Project("{8BC9CEB8-8B4A-11D0-8D11-00A0C91BC942}") = "BoCA Decoder Vorbis", "BoCA Decoder Vorbis\BoCA Decoder Vorbis.vcxproj", "{645BA2D6-E6F0-4025-A626-C3D1642B28ED}"
EndProject
Project("{8BC9CEB8-8B4A-11D0-8D11-00A0C91BC942}") = "BoCA Decoder FLAC", "BoCA Decoder FLAC\BoCA Decoder FLAC.vcxproj", "{43F09A1F-62E1-49F2-9BE8-C14B7956467A}"
EndProject
Project("{8BC9CEB8-8B4A-11D0-8D11-00A0C91BC942}") = "BoCA Decoder FAAD2", "BoCA Decoder FAAD2\BoCA Decoder FAAD2.vcxproj", "{4B7A251C-FD60-44BF-B546-35C936C382B2}"
EndProject
Project("{8BC9CEB8-8B4A-11D0-8D11-00A0C91BC942}") = "BoCA Decoder Winamp", "BoCA Decoder Winamp\BoCA Decoder Winamp.vcxproj", "{EF897FC4-F3B2-4D12-AE3B-73215F1F8520}"
EndProject
Project("{8BC9CEB8-8B4A-11D0-8D11-00A0C91BC942}") = "BoCA Decoder Wave", "BoCA Decoder Wave\BoCA Decoder Wave.vcxproj", "{F6F8BC3E-E297-436A-81CC-2BC8B7BCE0C6}"
EndProject
Project("{8BC9CEB8-8B4A-11D0-8D11-00A0C91BC942}") = "BoCA Output Winamp", "BoCA Output Winamp\BoCA Output Winamp.vcxproj", "{7BE23BF3-90CF-47D6-A81F-B30AEC362834}"
EndProject
Project("{8BC9CEB8-8B4A-11D0-8D11-00A0C91BC942}") = "BoCA Encoder Bonk", "BoCA Encoder Bonk\BoCA Encoder Bonk.vcxproj", "{0D308EE8-E2D3-4F72-AC80-FAFF97BC6669}"
EndProject
Project("{8BC9CEB8-8B4A-11D0-8D11-00A0C91BC942}") = "BoCA Decoder MAC", "BoCA Decoder MAC\BoCA Decoder MAC.vcxproj", "{CFC226C2-E9DF-46AB-8CE6-5EA9058FB98E}"
EndProject
Project("{8BC9CEB8-8B4A-11D0-8D11-00A0C91BC942}") = "BoCA Encoder Vorbis", "BoCA Encoder Vorbis\BoCA Encoder Vorbis.vcxproj", "{0AAFCA8A-8938-4BA9-87E9-1661CD467060}"
EndProject
Project("{8BC9CEB8-8B4A-11D0-8D11-00A0C91BC942}") = "BoCA Encoder FLAC", "BoCA Encoder FLAC\BoCA Encoder FLAC.vcxproj", "{E43C6BD2-856D-4A50-B0FC-C5CE76F123D3}"
EndProject
Project("{8BC9CEB8-8B4A-11D0-8D11-00A0C91BC942}") = "BoCA Encoder MAC", "BoCA Encoder MAC\BoCA Encoder MAC.vcxproj", "{931BCE8E-7924-4AB2-B198-32C0EDF5C1AC}"
EndProject
Project("{8BC9CEB8-8B4A-11D0-8D11-00A0C91BC942}") = "BoCA Decoder MAD", "BoCA Decoder MAD\BoCA Decoder MAD.vcxproj", "{55914544-95F6-4216-877D-B82B25D674AA}"
EndProject
Project("{8BC9CEB8-8B4A-11D0-8D11-00A0C91BC942}") = "BoCA Decoder CDRip", "BoCA Decoder CDRip\BoCA Decoder CDRip.vcxproj", "{1117A2E3-05F8-458A-980E-B2FA2F6D3DE6}"
EndProject
Project("{8BC9CEB8-8B4A-11D0-8D11-00A0C91BC942}") = "BoCA Encoder FAAC", "BoCA Encoder FAAC\BoCA Encoder FAAC.vcxproj", "{7330B71F-BCB4-4A03-B18C-8A308ED7AC69}"
EndProject
Project("{8BC9CEB8-8B4A-11D0-8D11-00A0C91BC942}") = "BoCA Decoder VOC", "BoCA Decoder VOC\BoCA Decoder VOC.vcxproj", "{99FB186A-5E74-4DAF-9241-1FAE5222F7E5}"
EndProject
Project("{8BC9CEB8-8B4A-11D0-8D11-00A0C91BC942}") = "BoCA Extension TagEdit", "BoCA Extension TagEdit\BoCA Extension TagEdit.vcxproj", "{62E967ED-6F1C-4BF9-A3CF-2ECF68F68D4C}"
EndProject
Project("{8BC9CEB8-8B4A-11D0-8D11-00A0C91BC942}") = "BoCA Other External", "BoCA Other External\BoCA Other External.vcxproj", "{3F88C612-BB80-4458-AA32-74BCCA9403D2}"
EndProject
Project("{8BC9CEB8-8B4A-11D0-8D11-00A0C91BC942}") = "BoCA Extension CoverLoad", "BoCA Extension CoverLoad\BoCA Extension CoverLoad.vcxproj", "{BA319216-7AC0-498E-80F7-3A43BCFA6721}"
EndProject
Project("{8BC9CEB8-8B4A-11D0-8D11-00A0C91BC942}") = "BoCA Encoder WMA", "BoCA Encoder WMA\BoCA Encoder WMA.vcxproj", "{F95D53FF-D145-403A-A9D6-7672EC35596D}"
EndProject
Project("{8BC9CEB8-8B4A-11D0-8D11-00A0C91BC942}") = "BoCA Tagger ID3v2", "BoCA Tagger ID3v2\BoCA Tagger ID3v2.vcxproj", "{493708D6-4311-46B3-A58C-ED3C6A0513E7}"
EndProject
Project("{8BC9CEB8-8B4A-11D0-8D11-00A0C91BC942}") = "BoCA DeviceInfo CDRip", "BoCA DeviceInfo CDRip\BoCA DeviceInfo CDRip.vcxproj", "{22F3C1D1-9087-49D3-88CD-62A91AD3E544}"
EndProject
Project("{8BC9CEB8-8B4A-11D0-8D11-00A0C91BC942}") = "BoCA Decoder WMA", "BoCA Decoder WMA\BoCA Decoder WMA.vcxproj", "{53C563E5-05A5-4CCE-B332-9A68E371CD61}"
EndProject
Project("{8BC9CEB8-8B4A-11D0-8D11-00A0C91BC942}") = "BoCA Extension Protocols", "BoCA Extension Protocols\BoCA Extension Protocols.vcxproj", "{1A919782-3A67-4644-A37C-9A2275365CAB}"
EndProject
Project("{8BC9CEB8-8B4A-11D0-8D11-00A0C91BC942}") = "BoCA DeviceInfo AKRip", "BoCA DeviceInfo AKRip\BoCA DeviceInfo AKRip.vcxproj", "{D282E31E-05C4-458F-BEE2-E4761494D43E}"
EndProject
Project("{8BC9CEB8-8B4A-11D0-8D11-00A0C91BC942}") = "BoCA Decoder AKRip", "BoCA Decoder AKRip\BoCA Decoder AKRip.vcxproj", "{CF778649-2B27-4BF0-8A61-FB54A4C9B554}"
EndProject
Project("{8BC9CEB8-8B4A-11D0-8D11-00A0C91BC942}") = "BoCA Decoder Sndfile", "BoCA Decoder Sndfile\BoCA Decoder Sndfile.vcxproj", "{B486EB91-87AE-4A5C-8DA9-96919BDE7614}"
EndProject
Project("{8BC9CEB8-8B4A-11D0-8D11-00A0C91BC942}") = "BoCA Tagger MP4", "BoCA Tagger MP4\BoCA Tagger MP4.vcxproj", "{684DAF7C-DB61-4E62-BBDF-F17ED35B41BD}"
EndProject
Project("{8BC9CEB8-8B4A-11D0-8D11-00A0C91BC942}") = "BoCA Tagger RIFF", "BoCA Tagger RIFF\BoCA Tagger RIFF.vcxproj", "{F1E03BB7-5109-415C-805F-379FA88FB90E}"
EndProject
Project("{8BC9CEB8-8B4A-11D0-8D11-00A0C91BC942}") = "BoCA Extension YouTube", "BoCA Extension YouTube\BoCA Extension YouTube.vcxproj", "{18208AF1-5B52-45DC-BA37-B0CD3CDD216B}"
EndProject
Project("{8BC9CEB8-8B4A-11D0-8D11-00A0C91BC942}") = "BoCA Decoder Cuesheet", "BoCA Decoder Cuesheet\BoCA Decoder Cuesheet.vcxproj", "{95F4E9A6-9B61-4017-9BDF-75BF15312DF9}"
EndProject
Project("{8BC9CEB8-8B4A-11D0-8D11-00A0C91BC942}") = "BoCA Encoder Opus", "BoCA Encoder Opus\BoCA Encoder Opus.vcxproj", "{B66C24E2-B8E4-4E6A-974C-696A1C37886E}"
	ProjectSection(ProjectDependencies) = postProject
		{94F50AB3-6ADB-4F2E-97C5-3FBBC7E30FA3} = {94F50AB3-6ADB-4F2E-97C5-3FBBC7E30FA3}
	EndProjectSection
EndProject
Project("{8BC9CEB8-8B4A-11D0-8D11-00A0C91BC942}") = "BoCA DSP Resample", "BoCA DSP Resample\BoCA DSP Resample.vcxproj", "{1FD18ADC-F590-4714-A01B-44CB173E77D4}"
	ProjectSection(ProjectDependencies) = postProject
		{94F50AB3-6ADB-4F2E-97C5-3FBBC7E30FA3} = {94F50AB3-6ADB-4F2E-97C5-3FBBC7E30FA3}
	EndProjectSection
EndProject
Project("{8BC9CEB8-8B4A-11D0-8D11-00A0C91BC942}") = "BoCA Playlist M3U", "BoCA Playlist M3U\BoCA Playlist M3U.vcxproj", "{ECFC35DF-E414-4CF3-84F4-81749657D8F5}"
	ProjectSection(ProjectDependencies) = postProject
		{94F50AB3-6ADB-4F2E-97C5-3FBBC7E30FA3} = {94F50AB3-6ADB-4F2E-97C5-3FBBC7E30FA3}
	EndProjectSection
EndProject
Project("{8BC9CEB8-8B4A-11D0-8D11-00A0C91BC942}") = "BoCA Playlist XSPF", "BoCA Playlist XSPF\BoCA Playlist XSPF.vcxproj", "{815DA8C2-34FA-4AE8-90D7-1253183C4F01}"
EndProject
Global
	GlobalSection(SolutionConfigurationPlatforms) = preSolution
		Debug|Win32 = Debug|Win32
		Release|Win32 = Release|Win32
	EndGlobalSection
	GlobalSection(ProjectConfigurationPlatforms) = postSolution
		{94F50AB3-6ADB-4F2E-97C5-3FBBC7E30FA3}.Debug|Win32.ActiveCfg = Debug|Win32
		{94F50AB3-6ADB-4F2E-97C5-3FBBC7E30FA3}.Debug|Win32.Build.0 = Debug|Win32
		{94F50AB3-6ADB-4F2E-97C5-3FBBC7E30FA3}.Release|Win32.ActiveCfg = Release|Win32
		{94F50AB3-6ADB-4F2E-97C5-3FBBC7E30FA3}.Release|Win32.Build.0 = Release|Win32
		{AB90B22B-C3A4-4DB3-B4F1-772A442E3EED}.Debug|Win32.ActiveCfg = Debug|Win32
		{AB90B22B-C3A4-4DB3-B4F1-772A442E3EED}.Debug|Win32.Build.0 = Debug|Win32
		{AB90B22B-C3A4-4DB3-B4F1-772A442E3EED}.Release|Win32.ActiveCfg = Release|Win32
		{AB90B22B-C3A4-4DB3-B4F1-772A442E3EED}.Release|Win32.Build.0 = Release|Win32
		{4C453902-218A-49B7-9105-23BDB4F4B219}.Debug|Win32.ActiveCfg = Debug|Win32
		{4C453902-218A-49B7-9105-23BDB4F4B219}.Debug|Win32.Build.0 = Debug|Win32
		{4C453902-218A-49B7-9105-23BDB4F4B219}.Release|Win32.ActiveCfg = Release|Win32
		{4C453902-218A-49B7-9105-23BDB4F4B219}.Release|Win32.Build.0 = Release|Win32
		{36A781A6-8F0E-4371-A2E5-F1F1534A0E38}.Debug|Win32.ActiveCfg = Debug|Win32
		{36A781A6-8F0E-4371-A2E5-F1F1534A0E38}.Debug|Win32.Build.0 = Debug|Win32
		{36A781A6-8F0E-4371-A2E5-F1F1534A0E38}.Release|Win32.ActiveCfg = Release|Win32
		{36A781A6-8F0E-4371-A2E5-F1F1534A0E38}.Release|Win32.Build.0 = Release|Win32
		{D1938112-BD2F-4AA9-9497-8BEFF05F8E86}.Debug|Win32.ActiveCfg = Debug|Win32
		{D1938112-BD2F-4AA9-9497-8BEFF05F8E86}.Debug|Win32.Build.0 = Debug|Win32
		{D1938112-BD2F-4AA9-9497-8BEFF05F8E86}.Release|Win32.ActiveCfg = Release|Win32
		{D1938112-BD2F-4AA9-9497-8BEFF05F8E86}.Release|Win32.Build.0 = Release|Win32
		{645BA2D6-E6F0-4025-A626-C3D1642B28ED}.Debug|Win32.ActiveCfg = Debug|Win32
		{645BA2D6-E6F0-4025-A626-C3D1642B28ED}.Debug|Win32.Build.0 = Debug|Win32
		{645BA2D6-E6F0-4025-A626-C3D1642B28ED}.Release|Win32.ActiveCfg = Release|Win32
		{645BA2D6-E6F0-4025-A626-C3D1642B28ED}.Release|Win32.Build.0 = Release|Win32
		{43F09A1F-62E1-49F2-9BE8-C14B7956467A}.Debug|Win32.ActiveCfg = Debug|Win32
		{43F09A1F-62E1-49F2-9BE8-C14B7956467A}.Debug|Win32.Build.0 = Debug|Win32
		{43F09A1F-62E1-49F2-9BE8-C14B7956467A}.Release|Win32.ActiveCfg = Release|Win32
		{43F09A1F-62E1-49F2-9BE8-C14B7956467A}.Release|Win32.Build.0 = Release|Win32
		{4B7A251C-FD60-44BF-B546-35C936C382B2}.Debug|Win32.ActiveCfg = Debug|Win32
		{4B7A251C-FD60-44BF-B546-35C936C382B2}.Debug|Win32.Build.0 = Debug|Win32
		{4B7A251C-FD60-44BF-B546-35C936C382B2}.Release|Win32.ActiveCfg = Release|Win32
		{4B7A251C-FD60-44BF-B546-35C936C382B2}.Release|Win32.Build.0 = Release|Win32
		{EF897FC4-F3B2-4D12-AE3B-73215F1F8520}.Debug|Win32.ActiveCfg = Debug|Win32
		{EF897FC4-F3B2-4D12-AE3B-73215F1F8520}.Debug|Win32.Build.0 = Debug|Win32
		{EF897FC4-F3B2-4D12-AE3B-73215F1F8520}.Release|Win32.ActiveCfg = Release|Win32
		{EF897FC4-F3B2-4D12-AE3B-73215F1F8520}.Release|Win32.Build.0 = Release|Win32
		{F6F8BC3E-E297-436A-81CC-2BC8B7BCE0C6}.Debug|Win32.ActiveCfg = Debug|Win32
		{F6F8BC3E-E297-436A-81CC-2BC8B7BCE0C6}.Debug|Win32.Build.0 = Debug|Win32
		{F6F8BC3E-E297-436A-81CC-2BC8B7BCE0C6}.Release|Win32.ActiveCfg = Release|Win32
		{F6F8BC3E-E297-436A-81CC-2BC8B7BCE0C6}.Release|Win32.Build.0 = Release|Win32
		{7BE23BF3-90CF-47D6-A81F-B30AEC362834}.Debug|Win32.ActiveCfg = Debug|Win32
		{7BE23BF3-90CF-47D6-A81F-B30AEC362834}.Debug|Win32.Build.0 = Debug|Win32
		{7BE23BF3-90CF-47D6-A81F-B30AEC362834}.Release|Win32.ActiveCfg = Release|Win32
		{7BE23BF3-90CF-47D6-A81F-B30AEC362834}.Release|Win32.Build.0 = Release|Win32
		{0D308EE8-E2D3-4F72-AC80-FAFF97BC6669}.Debug|Win32.ActiveCfg = Debug|Win32
		{0D308EE8-E2D3-4F72-AC80-FAFF97BC6669}.Debug|Win32.Build.0 = Debug|Win32
		{0D308EE8-E2D3-4F72-AC80-FAFF97BC6669}.Release|Win32.ActiveCfg = Release|Win32
		{0D308EE8-E2D3-4F72-AC80-FAFF97BC6669}.Release|Win32.Build.0 = Release|Win32
		{CFC226C2-E9DF-46AB-8CE6-5EA9058FB98E}.Debug|Win32.ActiveCfg = Debug|Win32
		{CFC226C2-E9DF-46AB-8CE6-5EA9058FB98E}.Debug|Win32.Build.0 = Debug|Win32
		{CFC226C2-E9DF-46AB-8CE6-5EA9058FB98E}.Release|Win32.ActiveCfg = Release|Win32
		{CFC226C2-E9DF-46AB-8CE6-5EA9058FB98E}.Release|Win32.Build.0 = Release|Win32
		{0AAFCA8A-8938-4BA9-87E9-1661CD467060}.Debug|Win32.ActiveCfg = Debug|Win32
		{0AAFCA8A-8938-4BA9-87E9-1661CD467060}.Debug|Win32.Build.0 = Debug|Win32
		{0AAFCA8A-8938-4BA9-87E9-1661CD467060}.Release|Win32.ActiveCfg = Release|Win32
		{0AAFCA8A-8938-4BA9-87E9-1661CD467060}.Release|Win32.Build.0 = Release|Win32
		{E43C6BD2-856D-4A50-B0FC-C5CE76F123D3}.Debug|Win32.ActiveCfg = Debug|Win32
		{E43C6BD2-856D-4A50-B0FC-C5CE76F123D3}.Debug|Win32.Build.0 = Debug|Win32
		{E43C6BD2-856D-4A50-B0FC-C5CE76F123D3}.Release|Win32.ActiveCfg = Release|Win32
		{E43C6BD2-856D-4A50-B0FC-C5CE76F123D3}.Release|Win32.Build.0 = Release|Win32
		{931BCE8E-7924-4AB2-B198-32C0EDF5C1AC}.Debug|Win32.ActiveCfg = Debug|Win32
		{931BCE8E-7924-4AB2-B198-32C0EDF5C1AC}.Debug|Win32.Build.0 = Debug|Win32
		{931BCE8E-7924-4AB2-B198-32C0EDF5C1AC}.Release|Win32.ActiveCfg = Release|Win32
		{931BCE8E-7924-4AB2-B198-32C0EDF5C1AC}.Release|Win32.Build.0 = Release|Win32
		{55914544-95F6-4216-877D-B82B25D674AA}.Debug|Win32.ActiveCfg = Debug|Win32
		{55914544-95F6-4216-877D-B82B25D674AA}.Debug|Win32.Build.0 = Debug|Win32
		{55914544-95F6-4216-877D-B82B25D674AA}.Release|Win32.ActiveCfg = Release|Win32
		{55914544-95F6-4216-877D-B82B25D674AA}.Release|Win32.Build.0 = Release|Win32
		{1117A2E3-05F8-458A-980E-B2FA2F6D3DE6}.Debug|Win32.ActiveCfg = Debug|Win32
		{1117A2E3-05F8-458A-980E-B2FA2F6D3DE6}.Debug|Win32.Build.0 = Debug|Win32
		{1117A2E3-05F8-458A-980E-B2FA2F6D3DE6}.Release|Win32.ActiveCfg = Release|Win32
		{1117A2E3-05F8-458A-980E-B2FA2F6D3DE6}.Release|Win32.Build.0 = Release|Win32
		{7330B71F-BCB4-4A03-B18C-8A308ED7AC69}.Debug|Win32.ActiveCfg = Debug|Win32
		{7330B71F-BCB4-4A03-B18C-8A308ED7AC69}.Debug|Win32.Build.0 = Debug|Win32
		{7330B71F-BCB4-4A03-B18C-8A308ED7AC69}.Release|Win32.ActiveCfg = Release|Win32
		{7330B71F-BCB4-4A03-B18C-8A308ED7AC69}.Release|Win32.Build.0 = Release|Win32
		{99FB186A-5E74-4DAF-9241-1FAE5222F7E5}.Debug|Win32.ActiveCfg = Debug|Win32
		{99FB186A-5E74-4DAF-9241-1FAE5222F7E5}.Debug|Win32.Build.0 = Debug|Win32
		{99FB186A-5E74-4DAF-9241-1FAE5222F7E5}.Release|Win32.ActiveCfg = Release|Win32
		{99FB186A-5E74-4DAF-9241-1FAE5222F7E5}.Release|Win32.Build.0 = Release|Win32
		{62E967ED-6F1C-4BF9-A3CF-2ECF68F68D4C}.Debug|Win32.ActiveCfg = Debug|Win32
		{62E967ED-6F1C-4BF9-A3CF-2ECF68F68D4C}.Debug|Win32.Build.0 = Debug|Win32
		{62E967ED-6F1C-4BF9-A3CF-2ECF68F68D4C}.Release|Win32.ActiveCfg = Release|Win32
		{62E967ED-6F1C-4BF9-A3CF-2ECF68F68D4C}.Release|Win32.Build.0 = Release|Win32
		{3F88C612-BB80-4458-AA32-74BCCA9403D2}.Debug|Win32.ActiveCfg = Debug|Win32
		{3F88C612-BB80-4458-AA32-74BCCA9403D2}.Debug|Win32.Build.0 = Debug|Win32
		{3F88C612-BB80-4458-AA32-74BCCA9403D2}.Release|Win32.ActiveCfg = Release|Win32
		{3F88C612-BB80-4458-AA32-74BCCA9403D2}.Release|Win32.Build.0 = Release|Win32
		{BA319216-7AC0-498E-80F7-3A43BCFA6721}.Debug|Win32.ActiveCfg = Debug|Win32
		{BA319216-7AC0-498E-80F7-3A43BCFA6721}.Debug|Win32.Build.0 = Debug|Win32
		{BA319216-7AC0-498E-80F7-3A43BCFA6721}.Release|Win32.ActiveCfg = Release|Win32
		{BA319216-7AC0-498E-80F7-3A43BCFA6721}.Release|Win32.Build.0 = Release|Win32
		{F95D53FF-D145-403A-A9D6-7672EC35596D}.Debug|Win32.ActiveCfg = Debug|Win32
		{F95D53FF-D145-403A-A9D6-7672EC35596D}.Debug|Win32.Build.0 = Debug|Win32
		{F95D53FF-D145-403A-A9D6-7672EC35596D}.Release|Win32.ActiveCfg = Release|Win32
		{F95D53FF-D145-403A-A9D6-7672EC35596D}.Release|Win32.Build.0 = Release|Win32
		{493708D6-4311-46B3-A58C-ED3C6A0513E7}.Debug|Win32.ActiveCfg = Debug|Win32
		{493708D6-4311-46B3-A58C-ED3C6A0513E7}.Debug|Win32.Build.0 = Debug|Win32
		{493708D6-4311-46B3-A58C-ED3C6A0513E7}.Release|Win32.ActiveCfg = Release|Win32
		{493708D6-4311-46B3-A58C-ED3C6A0513E7}.Release|Win32.Build.0 = Release|Win32
		{22F3C1D1-9087-49D3-88CD-62A91AD3E544}.Debug|Win32.ActiveCfg = Debug|Win32
		{22F3C1D1-9087-49D3-88CD-62A91AD3E544}.Debug|Win32.Build.0 = Debug|Win32
		{22F3C1D1-9087-49D3-88CD-62A91AD3E544}.Release|Win32.ActiveCfg = Release|Win32
		{22F3C1D1-9087-49D3-88CD-62A91AD3E544}.Release|Win32.Build.0 = Release|Win32
		{53C563E5-05A5-4CCE-B332-9A68E371CD61}.Debug|Win32.ActiveCfg = Debug|Win32
		{53C563E5-05A5-4CCE-B332-9A68E371CD61}.Debug|Win32.Build.0 = Debug|Win32
		{53C563E5-05A5-4CCE-B332-9A68E371CD61}.Release|Win32.ActiveCfg = Release|Win32
		{53C563E5-05A5-4CCE-B332-9A68E371CD61}.Release|Win32.Build.0 = Release|Win32
		{1A919782-3A67-4644-A37C-9A2275365CAB}.Debug|Win32.ActiveCfg = Debug|Win32
		{1A919782-3A67-4644-A37C-9A2275365CAB}.Debug|Win32.Build.0 = Debug|Win32
		{1A919782-3A67-4644-A37C-9A2275365CAB}.Release|Win32.ActiveCfg = Release|Win32
		{1A919782-3A67-4644-A37C-9A2275365CAB}.Release|Win32.Build.0 = Release|Win32
		{D282E31E-05C4-458F-BEE2-E4761494D43E}.Debug|Win32.ActiveCfg = Debug|Win32
		{D282E31E-05C4-458F-BEE2-E4761494D43E}.Debug|Win32.Build.0 = Debug|Win32
		{D282E31E-05C4-458F-BEE2-E4761494D43E}.Release|Win32.ActiveCfg = Release|Win32
		{D282E31E-05C4-458F-BEE2-E4761494D43E}.Release|Win32.Build.0 = Release|Win32
		{CF778649-2B27-4BF0-8A61-FB54A4C9B554}.Debug|Win32.ActiveCfg = Debug|Win32
		{CF778649-2B27-4BF0-8A61-FB54A4C9B554}.Debug|Win32.Build.0 = Debug|Win32
		{CF778649-2B27-4BF0-8A61-FB54A4C9B554}.Release|Win32.ActiveCfg = Release|Win32
		{CF778649-2B27-4BF0-8A61-FB54A4C9B554}.Release|Win32.Build.0 = Release|Win32
		{B486EB91-87AE-4A5C-8DA9-96919BDE7614}.Debug|Win32.ActiveCfg = Debug|Win32
		{B486EB91-87AE-4A5C-8DA9-96919BDE7614}.Debug|Win32.Build.0 = Debug|Win32
		{B486EB91-87AE-4A5C-8DA9-96919BDE7614}.Release|Win32.ActiveCfg = Release|Win32
		{B486EB91-87AE-4A5C-8DA9-96919BDE7614}.Release|Win32.Build.0 = Release|Win32
		{684DAF7C-DB61-4E62-BBDF-F17ED35B41BD}.Debug|Win32.ActiveCfg = Debug|Win32
		{684DAF7C-DB61-4E62-BBDF-F17ED35B41BD}.Debug|Win32.Build.0 = Debug|Win32
		{684DAF7C-DB61-4E62-BBDF-F17ED35B41BD}.Release|Win32.ActiveCfg = Release|Win32
		{684DAF7C-DB61-4E62-BBDF-F17ED35B41BD}.Release|Win32.Build.0 = Release|Win32
		{F1E03BB7-5109-415C-805F-379FA88FB90E}.Debug|Win32.ActiveCfg = Debug|Win32
		{F1E03BB7-5109-415C-805F-379FA88FB90E}.Debug|Win32.Build.0 = Debug|Win32
		{F1E03BB7-5109-415C-805F-379FA88FB90E}.Release|Win32.ActiveCfg = Release|Win32
		{F1E03BB7-5109-415C-805F-379FA88FB90E}.Release|Win32.Build.0 = Release|Win32
		{18208AF1-5B52-45DC-BA37-B0CD3CDD216B}.Debug|Win32.ActiveCfg = Debug|Win32
		{18208AF1-5B52-45DC-BA37-B0CD3CDD216B}.Debug|Win32.Build.0 = Debug|Win32
		{18208AF1-5B52-45DC-BA37-B0CD3CDD216B}.Release|Win32.ActiveCfg = Release|Win32
		{18208AF1-5B52-45DC-BA37-B0CD3CDD216B}.Release|Win32.Build.0 = Release|Win32
		{95F4E9A6-9B61-4017-9BDF-75BF15312DF9}.Debug|Win32.ActiveCfg = Debug|Win32
		{95F4E9A6-9B61-4017-9BDF-75BF15312DF9}.Debug|Win32.Build.0 = Debug|Win32
		{95F4E9A6-9B61-4017-9BDF-75BF15312DF9}.Release|Win32.ActiveCfg = Release|Win32
		{95F4E9A6-9B61-4017-9BDF-75BF15312DF9}.Release|Win32.Build.0 = Release|Win32
		{B66C24E2-B8E4-4E6A-974C-696A1C37886E}.Debug|Win32.ActiveCfg = Debug|Win32
		{B66C24E2-B8E4-4E6A-974C-696A1C37886E}.Debug|Win32.Build.0 = Debug|Win32
		{B66C24E2-B8E4-4E6A-974C-696A1C37886E}.Release|Win32.ActiveCfg = Release|Win32
		{B66C24E2-B8E4-4E6A-974C-696A1C37886E}.Release|Win32.Build.0 = Release|Win32
		{1FD18ADC-F590-4714-A01B-44CB173E77D4}.Debug|Win32.ActiveCfg = Debug|Win32
		{1FD18ADC-F590-4714-A01B-44CB173E77D4}.Debug|Win32.Build.0 = Debug|Win32
		{1FD18ADC-F590-4714-A01B-44CB173E77D4}.Release|Win32.ActiveCfg = Release|Win32
		{1FD18ADC-F590-4714-A01B-44CB173E77D4}.Release|Win32.Build.0 = Release|Win32
		{ECFC35DF-E414-4CF3-84F4-81749657D8F5}.Debug|Win32.ActiveCfg = Debug|Win32
		{ECFC35DF-E414-4CF3-84F4-81749657D8F5}.Debug|Win32.Build.0 = Debug|Win32
		{ECFC35DF-E414-4CF3-84F4-81749657D8F5}.Release|Win32.ActiveCfg = Release|Win32
		{ECFC35DF-E414-4CF3-84F4-81749657D8F5}.Release|Win32.Build.0 = Release|Win32
		{815DA8C2-34FA-4AE8-90D7-1253183C4F01}.Debug|Win32.ActiveCfg = Debug|Win32
		{815DA8C2-34FA-4AE8-90D7-1253183C4F01}.Debug|Win32.Build.0 = Debug|Win32
		{815DA8C2-34FA-4AE8-90D7-1253183C4F01}.Release|Win32.ActiveCfg = Release|Win32
		{815DA8C2-34FA-4AE8-90D7-1253183C4F01}.Release|Win32.Build.0 = Release|Win32
	EndGlobalSection
	GlobalSection(SolutionProperties) = preSolution
		HideSolutionNode = FALSE
	EndGlobalSection
EndGlobal
