<?xml version="1.0" encoding="utf-8"?>
<Project ToolsVersion="4.0" xmlns="http://schemas.microsoft.com/developer/msbuild/2003">
  <ItemGroup>
    <Filter Include="Quelldateien">
      <UniqueIdentifier>{4FC737F1-C7A5-4376-A066-2A32D752A2FF}</UniqueIdentifier>
      <Extensions>cpp;c;cc;cxx;def;odl;idl;hpj;bat;asm;asmx</Extensions>
    </Filter>
    <Filter Include="Headerdateien">
      <UniqueIdentifier>{93995380-89BD-4b04-88EB-625FBE52EBFB}</UniqueIdentifier>
      <Extensions>h;hpp;hxx;hm;inl;inc;xsd</Extensions>
    </Filter>
    <Filter Include="Ressourcendateien">
      <UniqueIdentifier>{67DA6AB6-F800-4c08-8B7A-83BB121AAD01}</UniqueIdentifier>
      <Extensions>rc;ico;cur;bmp;dlg;rc2;rct;bin;rgs;gif;jpg;jpeg;jpe;resx;tiff;tif;png;wav;mfcribbon-ms</Extensions>
    </Filter>
    <Filter Include="Quelldateien\xspf">
      <UniqueIdentifier>{9f21c322-e9fd-48a1-add2-f91758d71fb3}</UniqueIdentifier>
    </Filter>
    <Filter Include="Quelldateien\expat">
      <UniqueIdentifier>{2932bcdf-4728-4002-864e-df7d269fc03c}</UniqueIdentifier>
    </Filter>
    <Filter Include="Quelldateien\uriparser">
      <UniqueIdentifier>{d3663d3a-7ebd-485f-afcc-e2bb6bf84cb1}</UniqueIdentifier>
    </Filter>
  </ItemGroup>
  <ItemGroup>
    <ClCompile Include="..\..\components\playlist\xspf\expat\xmlparse.c">
      <Filter>Quelldateien\expat</Filter>
    </ClCompile>
    <ClCompile Include="..\..\components\playlist\xspf\expat\xmlrole.c">
      <Filter>Quelldateien\expat</Filter>
    </ClCompile>
    <ClCompile Include="..\..\components\playlist\xspf\expat\xmltok.c">
      <Filter>Quelldateien\expat</Filter>
    </ClCompile>
    <ClCompile Include="..\..\components\playlist\xspf\expat\xmltok_impl.c">
      <Filter>Quelldateien\expat</Filter>
    </ClCompile>
    <ClCompile Include="..\..\components\playlist\xspf\expat\xmltok_ns.c">
      <Filter>Quelldateien\expat</Filter>
    </ClCompile>
    <ClCompile Include="..\..\components\playlist\xspf\uriparser\UriCommon.c">
      <Filter>Quelldateien\uriparser</Filter>
    </ClCompile>
    <ClCompile Include="..\..\components\playlist\xspf\uriparser\UriCompare.c">
      <Filter>Quelldateien\uriparser</Filter>
    </ClCompile>
    <ClCompile Include="..\..\components\playlist\xspf\uriparser\UriEscape.c">
      <Filter>Quelldateien\uriparser</Filter>
    </ClCompile>
    <ClCompile Include="..\..\components\playlist\xspf\uriparser\UriFile.c">
      <Filter>Quelldateien\uriparser</Filter>
    </ClCompile>
    <ClCompile Include="..\..\components\playlist\xspf\uriparser\UriIp4.c">
      <Filter>Quelldateien\uriparser</Filter>
    </ClCompile>
    <ClCompile Include="..\..\components\playlist\xspf\uriparser\UriIp4Base.c">
      <Filter>Quelldateien\uriparser</Filter>
    </ClCompile>
    <ClCompile Include="..\..\components\playlist\xspf\uriparser\UriNormalize.c">
      <Filter>Quelldateien\uriparser</Filter>
    </ClCompile>
    <ClCompile Include="..\..\components\playlist\xspf\uriparser\UriNormalizeBase.c">
      <Filter>Quelldateien\uriparser</Filter>
    </ClCompile>
    <ClCompile Include="..\..\components\playlist\xspf\uriparser\UriParse.c">
      <Filter>Quelldateien\uriparser</Filter>
    </ClCompile>
    <ClCompile Include="..\..\components\playlist\xspf\uriparser\UriParseBase.c">
      <Filter>Quelldateien\uriparser</Filter>
    </ClCompile>
    <ClCompile Include="..\..\components\playlist\xspf\uriparser\UriQuery.c">
      <Filter>Quelldateien\uriparser</Filter>
    </ClCompile>
    <ClCompile Include="..\..\components\playlist\xspf\uriparser\UriRecompose.c">
      <Filter>Quelldateien\uriparser</Filter>
    </ClCompile>
    <ClCompile Include="..\..\components\playlist\xspf\uriparser\UriResolve.c">
      <Filter>Quelldateien\uriparser</Filter>
    </ClCompile>
    <ClCompile Include="..\..\components\playlist\xspf\uriparser\UriShorten.c">
      <Filter>Quelldateien\uriparser</Filter>
    </ClCompile>
    <ClCompile Include="..\..\components\playlist\xspf\xspf\XspfChunkCallback.cpp">
      <Filter>Quelldateien\xspf</Filter>
    </ClCompile>
    <ClCompile Include="..\..\components\playlist\xspf\xspf\XspfData.cpp">
      <Filter>Quelldateien\xspf</Filter>
    </ClCompile>
    <ClCompile Include="..\..\components\playlist\xspf\xspf\XspfDataWriter.cpp">
      <Filter>Quelldateien\xspf</Filter>
    </ClCompile>
    <ClCompile Include="..\..\components\playlist\xspf\xspf\XspfDateTime.cpp">
      <Filter>Quelldateien\xspf</Filter>
    </ClCompile>
    <ClCompile Include="..\..\components\playlist\xspf\xspf\XspfExtension.cpp">
      <Filter>Quelldateien\xspf</Filter>
    </ClCompile>
    <ClCompile Include="..\..\components\playlist\xspf\xspf\XspfExtensionReader.cpp">
      <Filter>Quelldateien\xspf</Filter>
    </ClCompile>
    <ClCompile Include="..\..\components\playlist\xspf\xspf\XspfExtensionReaderFactory.cpp">
      <Filter>Quelldateien\xspf</Filter>
    </ClCompile>
    <ClCompile Include="..\..\components\playlist\xspf\xspf\XspfExtensionWriter.cpp">
      <Filter>Quelldateien\xspf</Filter>
    </ClCompile>
    <ClCompile Include="..\..\components\playlist\xspf\xspf\XspfIndentFormatter.cpp">
      <Filter>Quelldateien\xspf</Filter>
    </ClCompile>
    <ClCompile Include="..\..\components\playlist\xspf\xspf\XspfProps.cpp">
      <Filter>Quelldateien\xspf</Filter>
    </ClCompile>
    <ClCompile Include="..\..\components\playlist\xspf\xspf\XspfPropsWriter.cpp">
      <Filter>Quelldateien\xspf</Filter>
    </ClCompile>
    <ClCompile Include="..\..\components\playlist\xspf\xspf\XspfReader.cpp">
      <Filter>Quelldateien\xspf</Filter>
    </ClCompile>
    <ClCompile Include="..\..\components\playlist\xspf\xspf\XspfReaderCallback.cpp">
      <Filter>Quelldateien\xspf</Filter>
    </ClCompile>
    <ClCompile Include="..\..\components\playlist\xspf\xspf\XspfSeamlessFormatter.cpp">
      <Filter>Quelldateien\xspf</Filter>
    </ClCompile>
    <ClCompile Include="..\..\components\playlist\xspf\xspf\XspfSkipExtensionReader.cpp">
      <Filter>Quelldateien\xspf</Filter>
    </ClCompile>
    <ClCompile Include="..\..\components\playlist\xspf\xspf\XspfStrictReaderCallback.cpp">
      <Filter>Quelldateien\xspf</Filter>
    </ClCompile>
    <ClCompile Include="..\..\components\playlist\xspf\xspf\XspfToolbox.cpp">
      <Filter>Quelldateien\xspf</Filter>
    </ClCompile>
    <ClCompile Include="..\..\components\playlist\xspf\xspf\XspfTrack.cpp">
      <Filter>Quelldateien\xspf</Filter>
    </ClCompile>
    <ClCompile Include="..\..\components\playlist\xspf\xspf\XspfTrackWriter.cpp">
      <Filter>Quelldateien\xspf</Filter>
    </ClCompile>
    <ClCompile Include="..\..\components\playlist\xspf\xspf\XspfWriter.cpp">
      <Filter>Quelldateien\xspf</Filter>
    </ClCompile>
    <ClCompile Include="..\..\components\playlist\xspf\xspf\XspfXmlFormatter.cpp">
      <Filter>Quelldateien\xspf</Filter>
    </ClCompile>
    <ClCompile Include="..\..\components\playlist\xspf\xspf.cpp">
      <Filter>Quelldateien</Filter>
    </ClCompile>
    <ClCompile Include="..\..\components\playlist\xspf\expat\loadlibrary.c">
      <Filter>Quelldateien\expat</Filter>
    </ClCompile>
    <ClCompile Include="..\..\components\playlist\xspf\uriparser\UriMemory.c">
      <Filter>Quelldateien\uriparser</Filter>
    </ClCompile>
  </ItemGroup>
  <ItemGroup>
    <ClInclude Include="..\..\components\playlist\xspf\xspf.h">
      <Filter>Headerdateien</Filter>
    </ClInclude>
  </ItemGroup>
</Project>