<?xml version="1.0" encoding="utf-8"?>
<Project ToolsVersion="4.0" xmlns="http://schemas.microsoft.com/developer/msbuild/2003">
  <ItemGroup>
    <Filter Include="Quelldateien">
      <UniqueIdentifier>{4FC737F1-C7A5-4376-A066-2A32D752A2FF}</UniqueIdentifier>
      <Extensions>cpp;c;cc;cxx;def;odl;idl;hpj;bat;asm;asmx</Extensions>
    </Filter>
    <Filter Include="Headerdateien">
      <UniqueIdentifier>{93995380-89BD-4b04-88EB-625FBE52EBFB}</UniqueIdentifier>
      <Extensions>h;hpp;hxx;hm;inl;inc;xsd</Extensions>
    </Filter>
    <Filter Include="Ressourcendateien">
      <UniqueIdentifier>{67DA6AB6-F800-4c08-8B7A-83BB121AAD01}</UniqueIdentifier>
      <Extensions>rc;ico;cur;bmp;dlg;rc2;rct;bin;rgs;gif;jpg;jpeg;jpe;resx;tiff;tif;png;wav;mfcribbon-ms</Extensions>
    </Filter>
    <Filter Include="Headerdateien\mpg123">
      <UniqueIdentifier>{fd72af21-da28-4ef7-9dd5-2fa3462e0d79}</UniqueIdentifier>
    </Filter>
    <Filter Include="Headerdateien\xing">
      <UniqueIdentifier>{f1538b37-3cd6-4e27-8f19-20adb0cab204}</UniqueIdentifier>
    </Filter>
    <Filter Include="Quelldateien\xing">
      <UniqueIdentifier>{accabc19-05ec-4cd6-a6dd-cb3602c56cfd}</UniqueIdentifier>
    </Filter>
  </ItemGroup>
  <ItemGroup>
    <ClInclude Include="..\..\components\decoder\mpg123\config.h">
      <Filter>Headerdateien</Filter>
    </ClInclude>
    <ClInclude Include="..\..\components\decoder\mpg123\dllinterface.h">
      <Filter>Headerdateien</Filter>
    </ClInclude>
    <ClInclude Include="..\..\components\decoder\mpg123\mpg123.h">
      <Filter>Headerdateien</Filter>
    </ClInclude>
    <ClInclude Include="..\..\components\decoder\mpg123\xing\dxhead.h">
      <Filter>Headerdateien\xing</Filter>
    </ClInclude>
    <ClInclude Include="..\..\components\decoder\mpg123\mpg123\mpg123.h">
      <Filter>Headerdateien\mpg123</Filter>
    </ClInclude>
    <ClInclude Include="..\..\components\decoder\mpg123\mpg123\fmt123.h">
      <Filter>Headerdateien\mpg123</Filter>
    </ClInclude>
  </ItemGroup>
  <ItemGroup>
    <ClCompile Include="..\..\components\decoder\mpg123\config.cpp">
      <Filter>Quelldateien</Filter>
    </ClCompile>
    <ClCompile Include="..\..\components\decoder\mpg123\dllinterface.cpp">
      <Filter>Quelldateien</Filter>
    </ClCompile>
    <ClCompile Include="..\..\components\decoder\mpg123\mpg123.cpp">
      <Filter>Quelldateien</Filter>
    </ClCompile>
    <ClCompile Include="..\..\components\decoder\mpg123\xing\dxhead.c">
      <Filter>Quelldateien\xing</Filter>
    </ClCompile>
  </ItemGroup>
</Project>